// !$*UTF8*$!
{
	archiveVersion = 1;
	classes = {
	};
	objectVersion = 46;
	objects = {

/* Begin PBXBuildFile section */
		866A7889212AA7538C2385AC /* Pods_ZWNetUtilsDemo.framework in Frameworks */ = {isa = PBXBuildFile; fileRef = 6C4B2AD6982CD76049BE6596 /* Pods_ZWNetUtilsDemo.framework */; };
		D418ECF91D0E5ED100FC255B /* PlaceholderTextView.m in Sources */ = {isa = PBXBuildFile; fileRef = D418ECF81D0E5ED100FC255B /* PlaceholderTextView.m */; };
		D418ECFF1D0E5ED900FC255B /* XYYSegmentControl.m in Sources */ = {isa = PBXBuildFile; fileRef = D418ECFC1D0E5ED900FC255B /* XYYSegmentControl.m */; };
		D418ED001D0E5ED900FC255B /* ZWSegmentedControl.m in Sources */ = {isa = PBXBuildFile; fileRef = D418ECFE1D0E5ED900FC255B /* ZWSegmentedControl.m */; };
		D418ED451D0E5EFF00FC255B /* MJExtensionConst.m in Sources */ = {isa = PBXBuildFile; fileRef = D418ED321D0E5EFF00FC255B /* MJExtensionConst.m */; };
		D418ED461D0E5EFF00FC255B /* MJFoundation.m in Sources */ = {isa = PBXBuildFile; fileRef = D418ED341D0E5EFF00FC255B /* MJFoundation.m */; };
		D418ED471D0E5EFF00FC255B /* MJProperty.m in Sources */ = {isa = PBXBuildFile; fileRef = D418ED361D0E5EFF00FC255B /* MJProperty.m */; };
		D418ED481D0E5EFF00FC255B /* MJPropertyKey.m in Sources */ = {isa = PBXBuildFile; fileRef = D418ED381D0E5EFF00FC255B /* MJPropertyKey.m */; };
		D418ED491D0E5EFF00FC255B /* MJPropertyType.m in Sources */ = {isa = PBXBuildFile; fileRef = D418ED3A1D0E5EFF00FC255B /* MJPropertyType.m */; };
		D418ED4A1D0E5EFF00FC255B /* NSObject+MJClass.m in Sources */ = {isa = PBXBuildFile; fileRef = D418ED3C1D0E5EFF00FC255B /* NSObject+MJClass.m */; };
		D418ED4B1D0E5EFF00FC255B /* NSObject+MJCoding.m in Sources */ = {isa = PBXBuildFile; fileRef = D418ED3E1D0E5EFF00FC255B /* NSObject+MJCoding.m */; };
		D418ED4C1D0E5EFF00FC255B /* NSObject+MJKeyValue.m in Sources */ = {isa = PBXBuildFile; fileRef = D418ED401D0E5EFF00FC255B /* NSObject+MJKeyValue.m */; };
		D418ED4D1D0E5EFF00FC255B /* NSObject+MJProperty.m in Sources */ = {isa = PBXBuildFile; fileRef = D418ED421D0E5EFF00FC255B /* NSObject+MJProperty.m */; };
		D418ED4E1D0E5EFF00FC255B /* NSString+MJExtension.m in Sources */ = {isa = PBXBuildFile; fileRef = D418ED441D0E5EFF00FC255B /* NSString+MJExtension.m */; };
		D418ED531D0E948F00FC255B /* ZWTabBarItem.m in Sources */ = {isa = PBXBuildFile; fileRef = D418ED521D0E948F00FC255B /* ZWTabBarItem.m */; };
		D43954EC1CC89B5F00EF14AA /* Functions.m in Sources */ = {isa = PBXBuildFile; fileRef = D43954C01CC89B5F00EF14AA /* Functions.m */; };
		D43954F01CC89B5F00EF14AA /* NetConfig.m in Sources */ = {isa = PBXBuildFile; fileRef = D43954C91CC89B5F00EF14AA /* NetConfig.m */; };
		D439555A1CC8AEB200EF14AA /* BasePickerView.m in Sources */ = {isa = PBXBuildFile; fileRef = D43955021CC8AEB200EF14AA /* BasePickerView.m */; };
		D439555B1CC8AEB200EF14AA /* BasePickerView.xib in Resources */ = {isa = PBXBuildFile; fileRef = D43955031CC8AEB200EF14AA /* BasePickerView.xib */; };
		D439555C1CC8AEB200EF14AA /* state.plist in Resources */ = {isa = PBXBuildFile; fileRef = D43955041CC8AEB200EF14AA /* state.plist */; };
		D439555D1CC8AEB200EF14AA /* DLRadioButton.m in Sources */ = {isa = PBXBuildFile; fileRef = D43955071CC8AEB200EF14AA /* DLRadioButton.m */; };
		D439555E1CC8AEB200EF14AA /* btn_close_normal.png in Resources */ = {isa = PBXBuildFile; fileRef = D43955091CC8AEB200EF14AA /* btn_close_normal.png */; };
		D439555F1CC8AEB200EF14AA /* btn_close_normal@2x.png in Resources */ = {isa = PBXBuildFile; fileRef = D439550A1CC8AEB200EF14AA /* btn_close_normal@2x.png */; };
		D43955601CC8AEB200EF14AA /* btn_close_selected.png in Resources */ = {isa = PBXBuildFile; fileRef = D439550B1CC8AEB200EF14AA /* btn_close_selected.png */; };
		D43955611CC8AEB200EF14AA /* btn_close_selected@2x.png in Resources */ = {isa = PBXBuildFile; fileRef = D439550C1CC8AEB200EF14AA /* btn_close_selected@2x.png */; };
		D43955621CC8AEB200EF14AA /* DXAlertView.m in Sources */ = {isa = PBXBuildFile; fileRef = D439550E1CC8AEB200EF14AA /* DXAlertView.m */; };
		D43955631CC8AEB200EF14AA /* EAIntroPage.m in Sources */ = {isa = PBXBuildFile; fileRef = D43955111CC8AEB200EF14AA /* EAIntroPage.m */; };
		D43955641CC8AEB200EF14AA /* EAIntroView.m in Sources */ = {isa = PBXBuildFile; fileRef = D43955131CC8AEB200EF14AA /* EAIntroView.m */; };
		D43955651CC8AEB200EF14AA /* FYImageView.m in Sources */ = {isa = PBXBuildFile; fileRef = D43955161CC8AEB200EF14AA /* FYImageView.m */; };
		D43955661CC8AEB200EF14AA /* FYPhotoBrowser.m in Sources */ = {isa = PBXBuildFile; fileRef = D43955191CC8AEB200EF14AA /* FYPhotoBrowser.m */; };
		D43955671CC8AEB200EF14AA /* HMSegmentedControl.m in Sources */ = {isa = PBXBuildFile; fileRef = D439551C1CC8AEB200EF14AA /* HMSegmentedControl.m */; };
		D43955681CC8AEB200EF14AA /* JYLegendView.m in Sources */ = {isa = PBXBuildFile; fileRef = D439551F1CC8AEB200EF14AA /* JYLegendView.m */; };
		D43955691CC8AEB200EF14AA /* JYRadarChart.m in Sources */ = {isa = PBXBuildFile; fileRef = D43955211CC8AEB200EF14AA /* JYRadarChart.m */; };
		D43955871CC8AEB200EF14AA /* UAProgressView.m in Sources */ = {isa = PBXBuildFile; fileRef = D43955531CC8AEB200EF14AA /* UAProgressView.m */; };
		D43955881CC8AEB200EF14AA /* VPImageCropperViewController.m in Sources */ = {isa = PBXBuildFile; fileRef = D43955561CC8AEB200EF14AA /* VPImageCropperViewController.m */; };
		D43955971CC8AF0500EF14AA /* AFDownloadRequestOperation.m in Sources */ = {isa = PBXBuildFile; fileRef = D43955921CC8AF0500EF14AA /* AFDownloadRequestOperation.m */; };
		D43955981CC8AF0500EF14AA /* DownloadTask.m in Sources */ = {isa = PBXBuildFile; fileRef = D43955941CC8AF0500EF14AA /* DownloadTask.m */; };
		D43955991CC8AF0500EF14AA /* Networking.m in Sources */ = {isa = PBXBuildFile; fileRef = D43955961CC8AF0500EF14AA /* Networking.m */; };
		D439559E1CC8AF2F00EF14AA /* MBProgressHUD+MJ.m in Sources */ = {isa = PBXBuildFile; fileRef = D439559C1CC8AF2F00EF14AA /* MBProgressHUD+MJ.m */; };
		D439559F1CC8AF2F00EF14AA /* MBProgressHUD.bundle in Resources */ = {isa = PBXBuildFile; fileRef = D439559D1CC8AF2F00EF14AA /* MBProgressHUD.bundle */; };
		D43955EB1CC8B1C300EF14AA /* DJPageView.m in Sources */ = {isa = PBXBuildFile; fileRef = D43955EA1CC8B1C300EF14AA /* DJPageView.m */; };
		D43955EF1CC8B6D600EF14AA /* HXTagsView.m in Sources */ = {isa = PBXBuildFile; fileRef = D43955EE1CC8B6D600EF14AA /* HXTagsView.m */; };
		D4549EBC1D7596D60007AA73 /* Photos.framework in Frameworks */ = {isa = PBXBuildFile; fileRef = D4549EBB1D7596D60007AA73 /* Photos.framework */; };
		D4549EEC1D759C260007AA73 /* btn_circle@2x.png in Resources */ = {isa = PBXBuildFile; fileRef = D4549EBF1D759C260007AA73 /* btn_circle@2x.png */; };
		D4549EED1D759C260007AA73 /* btn_circle@3x.png in Resources */ = {isa = PBXBuildFile; fileRef = D4549EC01D759C260007AA73 /* btn_circle@3x.png */; };
		D4549EEE1D759C260007AA73 /* btn_original_circle.png in Resources */ = {isa = PBXBuildFile; fileRef = D4549EC11D759C260007AA73 /* btn_original_circle.png */; };
		D4549EEF1D759C260007AA73 /* btn_original_circle@2x.png in Resources */ = {isa = PBXBuildFile; fileRef = D4549EC21D759C260007AA73 /* btn_original_circle@2x.png */; };
		D4549EF01D759C260007AA73 /* btn_original_circle@3x.png in Resources */ = {isa = PBXBuildFile; fileRef = D4549EC31D759C260007AA73 /* btn_original_circle@3x.png */; };
		D4549EF11D759C260007AA73 /* btn_selected.png in Resources */ = {isa = PBXBuildFile; fileRef = D4549EC41D759C260007AA73 /* btn_selected.png */; };
		D4549EF21D759C260007AA73 /* btn_selected@2x.png in Resources */ = {isa = PBXBuildFile; fileRef = D4549EC51D759C260007AA73 /* btn_selected@2x.png */; };
		D4549EF31D759C260007AA73 /* btn_selected@3x.png in Resources */ = {isa = PBXBuildFile; fileRef = D4549EC61D759C260007AA73 /* btn_selected@3x.png */; };
		D4549EF41D759C260007AA73 /* btn_unselected.png in Resources */ = {isa = PBXBuildFile; fileRef = D4549EC71D759C260007AA73 /* btn_unselected.png */; };
		D4549EF51D759C260007AA73 /* btn_unselected@2x.png in Resources */ = {isa = PBXBuildFile; fileRef = D4549EC81D759C260007AA73 /* btn_unselected@2x.png */; };
		D4549EF61D759C260007AA73 /* btn_unselected@3x.png in Resources */ = {isa = PBXBuildFile; fileRef = D4549EC91D759C260007AA73 /* btn_unselected@3x.png */; };
		D4549EF71D759C260007AA73 /* defaultphoto.png in Resources */ = {isa = PBXBuildFile; fileRef = D4549ECA1D759C260007AA73 /* defaultphoto.png */; };
		D4549EF81D759C260007AA73 /* lock.png in Resources */ = {isa = PBXBuildFile; fileRef = D4549ECB1D759C260007AA73 /* lock.png */; };
		D4549EF91D759C260007AA73 /* navBackBtn@2x.png in Resources */ = {isa = PBXBuildFile; fileRef = D4549ECC1D759C260007AA73 /* navBackBtn@2x.png */; };
		D4549EFA1D759C260007AA73 /* ZLCollectionCell.xib in Resources */ = {isa = PBXBuildFile; fileRef = D4549ECD1D759C260007AA73 /* ZLCollectionCell.xib */; };
		D4549EFB1D759C260007AA73 /* ZLNoAuthorityViewController.xib in Resources */ = {isa = PBXBuildFile; fileRef = D4549ECE1D759C260007AA73 /* ZLNoAuthorityViewController.xib */; };
		D4549EFC1D759C260007AA73 /* ZLPhotoActionSheet.xib in Resources */ = {isa = PBXBuildFile; fileRef = D4549ECF1D759C260007AA73 /* ZLPhotoActionSheet.xib */; };
		D4549EFD1D759C260007AA73 /* ZLPhotoBrowser.bundle in Resources */ = {isa = PBXBuildFile; fileRef = D4549ED01D759C260007AA73 /* ZLPhotoBrowser.bundle */; };
		D4549EFE1D759C260007AA73 /* ZLPhotoBrowserCell.xib in Resources */ = {isa = PBXBuildFile; fileRef = D4549ED11D759C260007AA73 /* ZLPhotoBrowserCell.xib */; };
		D4549EFF1D759C260007AA73 /* ZLThumbnailViewController.xib in Resources */ = {isa = PBXBuildFile; fileRef = D4549ED21D759C260007AA73 /* ZLThumbnailViewController.xib */; };
		D4549F001D759C260007AA73 /* ToastUtils.m in Sources */ = {isa = PBXBuildFile; fileRef = D4549ED41D759C260007AA73 /* ToastUtils.m */; };
		D4549F011D759C260007AA73 /* ZLBigImageCell.m in Sources */ = {isa = PBXBuildFile; fileRef = D4549ED61D759C260007AA73 /* ZLBigImageCell.m */; };
		D4549F021D759C260007AA73 /* ZLCollectionCell.m in Sources */ = {isa = PBXBuildFile; fileRef = D4549ED81D759C260007AA73 /* ZLCollectionCell.m */; };
		D4549F031D759C260007AA73 /* ZLNoAuthorityViewController.m in Sources */ = {isa = PBXBuildFile; fileRef = D4549EDB1D759C260007AA73 /* ZLNoAuthorityViewController.m */; };
		D4549F041D759C260007AA73 /* ZLPhotoActionSheet.m in Sources */ = {isa = PBXBuildFile; fileRef = D4549EDD1D759C260007AA73 /* ZLPhotoActionSheet.m */; };
		D4549F051D759C260007AA73 /* ZLPhotoBrowser.m in Sources */ = {isa = PBXBuildFile; fileRef = D4549EDF1D759C260007AA73 /* ZLPhotoBrowser.m */; };
		D4549F061D759C260007AA73 /* ZLPhotoBrowserCell.m in Sources */ = {isa = PBXBuildFile; fileRef = D4549EE11D759C260007AA73 /* ZLPhotoBrowserCell.m */; };
		D4549F071D759C260007AA73 /* ZLPhotoTool.m in Sources */ = {isa = PBXBuildFile; fileRef = D4549EE31D759C260007AA73 /* ZLPhotoTool.m */; };
		D4549F081D759C260007AA73 /* ZLProgressHUD.m in Sources */ = {isa = PBXBuildFile; fileRef = D4549EE51D759C260007AA73 /* ZLProgressHUD.m */; };
		D4549F091D759C260007AA73 /* ZLSelectPhotoModel.m in Sources */ = {isa = PBXBuildFile; fileRef = D4549EE71D759C260007AA73 /* ZLSelectPhotoModel.m */; };
		D4549F0A1D759C260007AA73 /* ZLShowBigImgViewController.m in Sources */ = {isa = PBXBuildFile; fileRef = D4549EE91D759C260007AA73 /* ZLShowBigImgViewController.m */; };
		D4549F0B1D759C260007AA73 /* ZLThumbnailViewController.m in Sources */ = {isa = PBXBuildFile; fileRef = D4549EEB1D759C260007AA73 /* ZLThumbnailViewController.m */; };
		D45C6F301D76698F007987DC /* MyTableViewController.m in Sources */ = {isa = PBXBuildFile; fileRef = D45C6F2F1D76698F007987DC /* MyTableViewController.m */; };
		D45C6F361D76AD1D007987DC /* CustomViewController.m in Sources */ = {isa = PBXBuildFile; fileRef = D45C6F351D76AD1D007987DC /* CustomViewController.m */; };
		D45C6F391D76AD92007987DC /* AssistViewController.m in Sources */ = {isa = PBXBuildFile; fileRef = D45C6F381D76AD92007987DC /* AssistViewController.m */; };
		D45C6F3C1D76AE7B007987DC /* CategoryViewController.m in Sources */ = {isa = PBXBuildFile; fileRef = D45C6F3B1D76AE7B007987DC /* CategoryViewController.m */; };
		D45C6F3F1D76AE95007987DC /* PhotoLibViewController.m in Sources */ = {isa = PBXBuildFile; fileRef = D45C6F3E1D76AE95007987DC /* PhotoLibViewController.m */; };
		D45C6F471D76D411007987DC /* ImageShowCollectionViewCell.m in Sources */ = {isa = PBXBuildFile; fileRef = D45C6F451D76D411007987DC /* ImageShowCollectionViewCell.m */; };
		D45C6F481D76D411007987DC /* ImageShowCollectionViewCell.xib in Resources */ = {isa = PBXBuildFile; fileRef = D45C6F461D76D411007987DC /* ImageShowCollectionViewCell.xib */; };
		D45C6F521D76DE61007987DC /* CustomChildThreeTableViewController.m in Sources */ = {isa = PBXBuildFile; fileRef = D45C6F511D76DE61007987DC /* CustomChildThreeTableViewController.m */; };
		D460E4741CC874F7008AA90C /* main.m in Sources */ = {isa = PBXBuildFile; fileRef = D460E4731CC874F7008AA90C /* main.m */; };
		D460E4771CC874F7008AA90C /* AppDelegate.m in Sources */ = {isa = PBXBuildFile; fileRef = D460E4761CC874F7008AA90C /* AppDelegate.m */; };
		D460E47D1CC874F7008AA90C /* Main.storyboard in Resources */ = {isa = PBXBuildFile; fileRef = D460E47B1CC874F7008AA90C /* Main.storyboard */; };
		D460E47F1CC874F7008AA90C /* Assets.xcassets in Resources */ = {isa = PBXBuildFile; fileRef = D460E47E1CC874F7008AA90C /* Assets.xcassets */; };
		D460E4821CC874F7008AA90C /* LaunchScreen.storyboard in Resources */ = {isa = PBXBuildFile; fileRef = D460E4801CC874F7008AA90C /* LaunchScreen.storyboard */; };
		D460E48D1CC874F7008AA90C /* ZWNetUtilsDemoTests.m in Sources */ = {isa = PBXBuildFile; fileRef = D460E48C1CC874F7008AA90C /* ZWNetUtilsDemoTests.m */; };
		D460E4981CC874F7008AA90C /* ZWNetUtilsDemoUITests.m in Sources */ = {isa = PBXBuildFile; fileRef = D460E4971CC874F7008AA90C /* ZWNetUtilsDemoUITests.m */; };
		D4F014D01D790B4B00740633 /* CustomChildTwoTableViewController.m in Sources */ = {isa = PBXBuildFile; fileRef = D4F014CF1D790B4B00740633 /* CustomChildTwoTableViewController.m */; };
		D4F014D31D790B6400740633 /* CustomChildTableViewController.m in Sources */ = {isa = PBXBuildFile; fileRef = D4F014D21D790B6400740633 /* CustomChildTableViewController.m */; };
/* End PBXBuildFile section */

/* Begin PBXContainerItemProxy section */
		D460E4891CC874F7008AA90C /* PBXContainerItemProxy */ = {
			isa = PBXContainerItemProxy;
			containerPortal = D460E4671CC874F7008AA90C /* Project object */;
			proxyType = 1;
			remoteGlobalIDString = D460E46E1CC874F7008AA90C;
			remoteInfo = ZWNetUtilsDemo;
		};
		D460E4941CC874F7008AA90C /* PBXContainerItemProxy */ = {
			isa = PBXContainerItemProxy;
			containerPortal = D460E4671CC874F7008AA90C /* Project object */;
			proxyType = 1;
			remoteGlobalIDString = D460E46E1CC874F7008AA90C;
			remoteInfo = ZWNetUtilsDemo;
		};
/* End PBXContainerItemProxy section */

/* Begin PBXFileReference section */
		052AF003B0E60825AD23E64C /* Pods-ZWNetUtilsDemo.debug.xcconfig */ = {isa = PBXFileReference; includeInIndex = 1; lastKnownFileType = text.xcconfig; name = "Pods-ZWNetUtilsDemo.debug.xcconfig"; path = "Pods/Target Support Files/Pods-ZWNetUtilsDemo/Pods-ZWNetUtilsDemo.debug.xcconfig"; sourceTree = "<group>"; };
		6C4B2AD6982CD76049BE6596 /* Pods_ZWNetUtilsDemo.framework */ = {isa = PBXFileReference; explicitFileType = wrapper.framework; includeInIndex = 0; path = Pods_ZWNetUtilsDemo.framework; sourceTree = BUILT_PRODUCTS_DIR; };
		87573660C21E19D9F72F318C /* Pods-ZWNetUtilsDemo.release.xcconfig */ = {isa = PBXFileReference; includeInIndex = 1; lastKnownFileType = text.xcconfig; name = "Pods-ZWNetUtilsDemo.release.xcconfig"; path = "Pods/Target Support Files/Pods-ZWNetUtilsDemo/Pods-ZWNetUtilsDemo.release.xcconfig"; sourceTree = "<group>"; };
		D418ECF71D0E5ED100FC255B /* PlaceholderTextView.h */ = {isa = PBXFileReference; fileEncoding = 4; lastKnownFileType = sourcecode.c.h; path = PlaceholderTextView.h; sourceTree = "<group>"; };
		D418ECF81D0E5ED100FC255B /* PlaceholderTextView.m */ = {isa = PBXFileReference; fileEncoding = 4; lastKnownFileType = sourcecode.c.objc; path = PlaceholderTextView.m; sourceTree = "<group>"; };
		D418ECFB1D0E5ED900FC255B /* XYYSegmentControl.h */ = {isa = PBXFileReference; fileEncoding = 4; lastKnownFileType = sourcecode.c.h; path = XYYSegmentControl.h; sourceTree = "<group>"; };
		D418ECFC1D0E5ED900FC255B /* XYYSegmentControl.m */ = {isa = PBXFileReference; fileEncoding = 4; lastKnownFileType = sourcecode.c.objc; path = XYYSegmentControl.m; sourceTree = "<group>"; };
		D418ECFD1D0E5ED900FC255B /* ZWSegmentedControl.h */ = {isa = PBXFileReference; fileEncoding = 4; lastKnownFileType = sourcecode.c.h; path = ZWSegmentedControl.h; sourceTree = "<group>"; };
		D418ECFE1D0E5ED900FC255B /* ZWSegmentedControl.m */ = {isa = PBXFileReference; fileEncoding = 4; lastKnownFileType = sourcecode.c.objc; path = ZWSegmentedControl.m; sourceTree = "<group>"; };
		D418ED301D0E5EFF00FC255B /* MJExtension.h */ = {isa = PBXFileReference; fileEncoding = 4; lastKnownFileType = sourcecode.c.h; path = MJExtension.h; sourceTree = "<group>"; };
		D418ED311D0E5EFF00FC255B /* MJExtensionConst.h */ = {isa = PBXFileReference; fileEncoding = 4; lastKnownFileType = sourcecode.c.h; path = MJExtensionConst.h; sourceTree = "<group>"; };
		D418ED321D0E5EFF00FC255B /* MJExtensionConst.m */ = {isa = PBXFileReference; fileEncoding = 4; lastKnownFileType = sourcecode.c.objc; path = MJExtensionConst.m; sourceTree = "<group>"; };
		D418ED331D0E5EFF00FC255B /* MJFoundation.h */ = {isa = PBXFileReference; fileEncoding = 4; lastKnownFileType = sourcecode.c.h; path = MJFoundation.h; sourceTree = "<group>"; };
		D418ED341D0E5EFF00FC255B /* MJFoundation.m */ = {isa = PBXFileReference; fileEncoding = 4; lastKnownFileType = sourcecode.c.objc; path = MJFoundation.m; sourceTree = "<group>"; };
		D418ED351D0E5EFF00FC255B /* MJProperty.h */ = {isa = PBXFileReference; fileEncoding = 4; lastKnownFileType = sourcecode.c.h; path = MJProperty.h; sourceTree = "<group>"; };
		D418ED361D0E5EFF00FC255B /* MJProperty.m */ = {isa = PBXFileReference; fileEncoding = 4; lastKnownFileType = sourcecode.c.objc; path = MJProperty.m; sourceTree = "<group>"; };
		D418ED371D0E5EFF00FC255B /* MJPropertyKey.h */ = {isa = PBXFileReference; fileEncoding = 4; lastKnownFileType = sourcecode.c.h; path = MJPropertyKey.h; sourceTree = "<group>"; };
		D418ED381D0E5EFF00FC255B /* MJPropertyKey.m */ = {isa = PBXFileReference; fileEncoding = 4; lastKnownFileType = sourcecode.c.objc; path = MJPropertyKey.m; sourceTree = "<group>"; };
		D418ED391D0E5EFF00FC255B /* MJPropertyType.h */ = {isa = PBXFileReference; fileEncoding = 4; lastKnownFileType = sourcecode.c.h; path = MJPropertyType.h; sourceTree = "<group>"; };
		D418ED3A1D0E5EFF00FC255B /* MJPropertyType.m */ = {isa = PBXFileReference; fileEncoding = 4; lastKnownFileType = sourcecode.c.objc; path = MJPropertyType.m; sourceTree = "<group>"; };
		D418ED3B1D0E5EFF00FC255B /* NSObject+MJClass.h */ = {isa = PBXFileReference; fileEncoding = 4; lastKnownFileType = sourcecode.c.h; path = "NSObject+MJClass.h"; sourceTree = "<group>"; };
		D418ED3C1D0E5EFF00FC255B /* NSObject+MJClass.m */ = {isa = PBXFileReference; fileEncoding = 4; lastKnownFileType = sourcecode.c.objc; path = "NSObject+MJClass.m"; sourceTree = "<group>"; };
		D418ED3D1D0E5EFF00FC255B /* NSObject+MJCoding.h */ = {isa = PBXFileReference; fileEncoding = 4; lastKnownFileType = sourcecode.c.h; path = "NSObject+MJCoding.h"; sourceTree = "<group>"; };
		D418ED3E1D0E5EFF00FC255B /* NSObject+MJCoding.m */ = {isa = PBXFileReference; fileEncoding = 4; lastKnownFileType = sourcecode.c.objc; path = "NSObject+MJCoding.m"; sourceTree = "<group>"; };
		D418ED3F1D0E5EFF00FC255B /* NSObject+MJKeyValue.h */ = {isa = PBXFileReference; fileEncoding = 4; lastKnownFileType = sourcecode.c.h; path = "NSObject+MJKeyValue.h"; sourceTree = "<group>"; };
		D418ED401D0E5EFF00FC255B /* NSObject+MJKeyValue.m */ = {isa = PBXFileReference; fileEncoding = 4; lastKnownFileType = sourcecode.c.objc; path = "NSObject+MJKeyValue.m"; sourceTree = "<group>"; };
		D418ED411D0E5EFF00FC255B /* NSObject+MJProperty.h */ = {isa = PBXFileReference; fileEncoding = 4; lastKnownFileType = sourcecode.c.h; path = "NSObject+MJProperty.h"; sourceTree = "<group>"; };
		D418ED421D0E5EFF00FC255B /* NSObject+MJProperty.m */ = {isa = PBXFileReference; fileEncoding = 4; lastKnownFileType = sourcecode.c.objc; path = "NSObject+MJProperty.m"; sourceTree = "<group>"; };
		D418ED431D0E5EFF00FC255B /* NSString+MJExtension.h */ = {isa = PBXFileReference; fileEncoding = 4; lastKnownFileType = sourcecode.c.h; path = "NSString+MJExtension.h"; sourceTree = "<group>"; };
		D418ED441D0E5EFF00FC255B /* NSString+MJExtension.m */ = {isa = PBXFileReference; fileEncoding = 4; lastKnownFileType = sourcecode.c.objc; path = "NSString+MJExtension.m"; sourceTree = "<group>"; };
		D418ED511D0E948F00FC255B /* ZWTabBarItem.h */ = {isa = PBXFileReference; fileEncoding = 4; lastKnownFileType = sourcecode.c.h; path = ZWTabBarItem.h; sourceTree = "<group>"; };
		D418ED521D0E948F00FC255B /* ZWTabBarItem.m */ = {isa = PBXFileReference; fileEncoding = 4; lastKnownFileType = sourcecode.c.objc; path = ZWTabBarItem.m; sourceTree = "<group>"; };
		D43954BF1CC89B5F00EF14AA /* Functions.h */ = {isa = PBXFileReference; fileEncoding = 4; lastKnownFileType = sourcecode.c.h; path = Functions.h; sourceTree = "<group>"; };
		D43954C01CC89B5F00EF14AA /* Functions.m */ = {isa = PBXFileReference; fileEncoding = 4; lastKnownFileType = sourcecode.c.objc; path = Functions.m; sourceTree = "<group>"; };
		D43954C11CC89B5F00EF14AA /* KeyStrings.h */ = {isa = PBXFileReference; fileEncoding = 4; lastKnownFileType = sourcecode.c.h; path = KeyStrings.h; sourceTree = "<group>"; };
		D43954C81CC89B5F00EF14AA /* NetConfig.h */ = {isa = PBXFileReference; fileEncoding = 4; lastKnownFileType = sourcecode.c.h; path = NetConfig.h; sourceTree = "<group>"; };
		D43954C91CC89B5F00EF14AA /* NetConfig.m */ = {isa = PBXFileReference; fileEncoding = 4; lastKnownFileType = sourcecode.c.objc; path = NetConfig.m; sourceTree = "<group>"; };
		D43954FC1CC8A9E800EF14AA /* ZWNetUtils.h */ = {isa = PBXFileReference; fileEncoding = 4; lastKnownFileType = sourcecode.c.h; path = ZWNetUtils.h; sourceTree = "<group>"; };
		D43955011CC8AEB200EF14AA /* BasePickerView.h */ = {isa = PBXFileReference; fileEncoding = 4; lastKnownFileType = sourcecode.c.h; path = BasePickerView.h; sourceTree = "<group>"; };
		D43955021CC8AEB200EF14AA /* BasePickerView.m */ = {isa = PBXFileReference; fileEncoding = 4; lastKnownFileType = sourcecode.c.objc; path = BasePickerView.m; sourceTree = "<group>"; };
		D43955031CC8AEB200EF14AA /* BasePickerView.xib */ = {isa = PBXFileReference; fileEncoding = 4; lastKnownFileType = file.xib; path = BasePickerView.xib; sourceTree = "<group>"; };
		D43955041CC8AEB200EF14AA /* state.plist */ = {isa = PBXFileReference; fileEncoding = 4; lastKnownFileType = text.plist.xml; path = state.plist; sourceTree = "<group>"; };
		D43955061CC8AEB200EF14AA /* DLRadioButton.h */ = {isa = PBXFileReference; fileEncoding = 4; lastKnownFileType = sourcecode.c.h; path = DLRadioButton.h; sourceTree = "<group>"; };
		D43955071CC8AEB200EF14AA /* DLRadioButton.m */ = {isa = PBXFileReference; fileEncoding = 4; lastKnownFileType = sourcecode.c.objc; path = DLRadioButton.m; sourceTree = "<group>"; };
		D43955091CC8AEB200EF14AA /* btn_close_normal.png */ = {isa = PBXFileReference; lastKnownFileType = image.png; path = btn_close_normal.png; sourceTree = "<group>"; };
		D439550A1CC8AEB200EF14AA /* btn_close_normal@2x.png */ = {isa = PBXFileReference; lastKnownFileType = image.png; path = "btn_close_normal@2x.png"; sourceTree = "<group>"; };
		D439550B1CC8AEB200EF14AA /* btn_close_selected.png */ = {isa = PBXFileReference; lastKnownFileType = image.png; path = btn_close_selected.png; sourceTree = "<group>"; };
		D439550C1CC8AEB200EF14AA /* btn_close_selected@2x.png */ = {isa = PBXFileReference; lastKnownFileType = image.png; path = "btn_close_selected@2x.png"; sourceTree = "<group>"; };
		D439550D1CC8AEB200EF14AA /* DXAlertView.h */ = {isa = PBXFileReference; fileEncoding = 4; lastKnownFileType = sourcecode.c.h; path = DXAlertView.h; sourceTree = "<group>"; };
		D439550E1CC8AEB200EF14AA /* DXAlertView.m */ = {isa = PBXFileReference; fileEncoding = 4; lastKnownFileType = sourcecode.c.objc; path = DXAlertView.m; sourceTree = "<group>"; };
		D43955101CC8AEB200EF14AA /* EAIntroPage.h */ = {isa = PBXFileReference; fileEncoding = 4; lastKnownFileType = sourcecode.c.h; path = EAIntroPage.h; sourceTree = "<group>"; };
		D43955111CC8AEB200EF14AA /* EAIntroPage.m */ = {isa = PBXFileReference; fileEncoding = 4; lastKnownFileType = sourcecode.c.objc; path = EAIntroPage.m; sourceTree = "<group>"; };
		D43955121CC8AEB200EF14AA /* EAIntroView.h */ = {isa = PBXFileReference; fileEncoding = 4; lastKnownFileType = sourcecode.c.h; path = EAIntroView.h; sourceTree = "<group>"; };
		D43955131CC8AEB200EF14AA /* EAIntroView.m */ = {isa = PBXFileReference; fileEncoding = 4; lastKnownFileType = sourcecode.c.objc; path = EAIntroView.m; sourceTree = "<group>"; };
		D43955151CC8AEB200EF14AA /* FYImageView.h */ = {isa = PBXFileReference; fileEncoding = 4; lastKnownFileType = sourcecode.c.h; path = FYImageView.h; sourceTree = "<group>"; };
		D43955161CC8AEB200EF14AA /* FYImageView.m */ = {isa = PBXFileReference; fileEncoding = 4; lastKnownFileType = sourcecode.c.objc; path = FYImageView.m; sourceTree = "<group>"; };
		D43955171CC8AEB200EF14AA /* FYPhoto.h */ = {isa = PBXFileReference; fileEncoding = 4; lastKnownFileType = sourcecode.c.h; path = FYPhoto.h; sourceTree = "<group>"; };
		D43955181CC8AEB200EF14AA /* FYPhotoBrowser.h */ = {isa = PBXFileReference; fileEncoding = 4; lastKnownFileType = sourcecode.c.h; path = FYPhotoBrowser.h; sourceTree = "<group>"; };
		D43955191CC8AEB200EF14AA /* FYPhotoBrowser.m */ = {isa = PBXFileReference; fileEncoding = 4; lastKnownFileType = sourcecode.c.objc; path = FYPhotoBrowser.m; sourceTree = "<group>"; };
		D439551B1CC8AEB200EF14AA /* HMSegmentedControl.h */ = {isa = PBXFileReference; fileEncoding = 4; lastKnownFileType = sourcecode.c.h; path = HMSegmentedControl.h; sourceTree = "<group>"; };
		D439551C1CC8AEB200EF14AA /* HMSegmentedControl.m */ = {isa = PBXFileReference; fileEncoding = 4; lastKnownFileType = sourcecode.c.objc; path = HMSegmentedControl.m; sourceTree = "<group>"; };
		D439551E1CC8AEB200EF14AA /* JYLegendView.h */ = {isa = PBXFileReference; fileEncoding = 4; lastKnownFileType = sourcecode.c.h; path = JYLegendView.h; sourceTree = "<group>"; };
		D439551F1CC8AEB200EF14AA /* JYLegendView.m */ = {isa = PBXFileReference; fileEncoding = 4; lastKnownFileType = sourcecode.c.objc; path = JYLegendView.m; sourceTree = "<group>"; };
		D43955201CC8AEB200EF14AA /* JYRadarChart.h */ = {isa = PBXFileReference; fileEncoding = 4; lastKnownFileType = sourcecode.c.h; path = JYRadarChart.h; sourceTree = "<group>"; };
		D43955211CC8AEB200EF14AA /* JYRadarChart.m */ = {isa = PBXFileReference; fileEncoding = 4; lastKnownFileType = sourcecode.c.objc; path = JYRadarChart.m; sourceTree = "<group>"; };
		D43955521CC8AEB200EF14AA /* UAProgressView.h */ = {isa = PBXFileReference; fileEncoding = 4; lastKnownFileType = sourcecode.c.h; path = UAProgressView.h; sourceTree = "<group>"; };
		D43955531CC8AEB200EF14AA /* UAProgressView.m */ = {isa = PBXFileReference; fileEncoding = 4; lastKnownFileType = sourcecode.c.objc; path = UAProgressView.m; sourceTree = "<group>"; };
		D43955551CC8AEB200EF14AA /* VPImageCropperViewController.h */ = {isa = PBXFileReference; fileEncoding = 4; lastKnownFileType = sourcecode.c.h; path = VPImageCropperViewController.h; sourceTree = "<group>"; };
		D43955561CC8AEB200EF14AA /* VPImageCropperViewController.m */ = {isa = PBXFileReference; fileEncoding = 4; lastKnownFileType = sourcecode.c.objc; path = VPImageCropperViewController.m; sourceTree = "<group>"; };
		D43955911CC8AF0500EF14AA /* AFDownloadRequestOperation.h */ = {isa = PBXFileReference; fileEncoding = 4; lastKnownFileType = sourcecode.c.h; path = AFDownloadRequestOperation.h; sourceTree = "<group>"; };
		D43955921CC8AF0500EF14AA /* AFDownloadRequestOperation.m */ = {isa = PBXFileReference; fileEncoding = 4; lastKnownFileType = sourcecode.c.objc; path = AFDownloadRequestOperation.m; sourceTree = "<group>"; };
		D43955931CC8AF0500EF14AA /* DownloadTask.h */ = {isa = PBXFileReference; fileEncoding = 4; lastKnownFileType = sourcecode.c.h; path = DownloadTask.h; sourceTree = "<group>"; };
		D43955941CC8AF0500EF14AA /* DownloadTask.m */ = {isa = PBXFileReference; fileEncoding = 4; lastKnownFileType = sourcecode.c.objc; path = DownloadTask.m; sourceTree = "<group>"; };
		D43955951CC8AF0500EF14AA /* Networking.h */ = {isa = PBXFileReference; fileEncoding = 4; lastKnownFileType = sourcecode.c.h; path = Networking.h; sourceTree = "<group>"; };
		D43955961CC8AF0500EF14AA /* Networking.m */ = {isa = PBXFileReference; fileEncoding = 4; lastKnownFileType = sourcecode.c.objc; path = Networking.m; sourceTree = "<group>"; };
		D439559B1CC8AF2F00EF14AA /* MBProgressHUD+MJ.h */ = {isa = PBXFileReference; fileEncoding = 4; lastKnownFileType = sourcecode.c.h; path = "MBProgressHUD+MJ.h"; sourceTree = "<group>"; };
		D439559C1CC8AF2F00EF14AA /* MBProgressHUD+MJ.m */ = {isa = PBXFileReference; fileEncoding = 4; lastKnownFileType = sourcecode.c.objc; path = "MBProgressHUD+MJ.m"; sourceTree = "<group>"; };
		D439559D1CC8AF2F00EF14AA /* MBProgressHUD.bundle */ = {isa = PBXFileReference; lastKnownFileType = "wrapper.plug-in"; path = MBProgressHUD.bundle; sourceTree = "<group>"; };
		D43955E91CC8B1C300EF14AA /* DJPageView.h */ = {isa = PBXFileReference; fileEncoding = 4; lastKnownFileType = sourcecode.c.h; path = DJPageView.h; sourceTree = "<group>"; };
		D43955EA1CC8B1C300EF14AA /* DJPageView.m */ = {isa = PBXFileReference; fileEncoding = 4; lastKnownFileType = sourcecode.c.objc; path = DJPageView.m; sourceTree = "<group>"; };
		D43955ED1CC8B6D600EF14AA /* HXTagsView.h */ = {isa = PBXFileReference; fileEncoding = 4; lastKnownFileType = sourcecode.c.h; path = HXTagsView.h; sourceTree = "<group>"; };
		D43955EE1CC8B6D600EF14AA /* HXTagsView.m */ = {isa = PBXFileReference; fileEncoding = 4; lastKnownFileType = sourcecode.c.objc; path = HXTagsView.m; sourceTree = "<group>"; };
		D4549EBB1D7596D60007AA73 /* Photos.framework */ = {isa = PBXFileReference; lastKnownFileType = wrapper.framework; name = Photos.framework; path = System/Library/Frameworks/Photos.framework; sourceTree = SDKROOT; };
		D4549EBF1D759C260007AA73 /* btn_circle@2x.png */ = {isa = PBXFileReference; lastKnownFileType = image.png; path = "btn_circle@2x.png"; sourceTree = "<group>"; };
		D4549EC01D759C260007AA73 /* btn_circle@3x.png */ = {isa = PBXFileReference; lastKnownFileType = image.png; path = "btn_circle@3x.png"; sourceTree = "<group>"; };
		D4549EC11D759C260007AA73 /* btn_original_circle.png */ = {isa = PBXFileReference; lastKnownFileType = image.png; path = btn_original_circle.png; sourceTree = "<group>"; };
		D4549EC21D759C260007AA73 /* btn_original_circle@2x.png */ = {isa = PBXFileReference; lastKnownFileType = image.png; path = "btn_original_circle@2x.png"; sourceTree = "<group>"; };
		D4549EC31D759C260007AA73 /* btn_original_circle@3x.png */ = {isa = PBXFileReference; lastKnownFileType = image.png; path = "btn_original_circle@3x.png"; sourceTree = "<group>"; };
		D4549EC41D759C260007AA73 /* btn_selected.png */ = {isa = PBXFileReference; lastKnownFileType = image.png; path = btn_selected.png; sourceTree = "<group>"; };
		D4549EC51D759C260007AA73 /* btn_selected@2x.png */ = {isa = PBXFileReference; lastKnownFileType = image.png; path = "btn_selected@2x.png"; sourceTree = "<group>"; };
		D4549EC61D759C260007AA73 /* btn_selected@3x.png */ = {isa = PBXFileReference; lastKnownFileType = image.png; path = "btn_selected@3x.png"; sourceTree = "<group>"; };
		D4549EC71D759C260007AA73 /* btn_unselected.png */ = {isa = PBXFileReference; lastKnownFileType = image.png; path = btn_unselected.png; sourceTree = "<group>"; };
		D4549EC81D759C260007AA73 /* btn_unselected@2x.png */ = {isa = PBXFileReference; lastKnownFileType = image.png; path = "btn_unselected@2x.png"; sourceTree = "<group>"; };
		D4549EC91D759C260007AA73 /* btn_unselected@3x.png */ = {isa = PBXFileReference; lastKnownFileType = image.png; path = "btn_unselected@3x.png"; sourceTree = "<group>"; };
		D4549ECA1D759C260007AA73 /* defaultphoto.png */ = {isa = PBXFileReference; lastKnownFileType = image.png; path = defaultphoto.png; sourceTree = "<group>"; };
		D4549ECB1D759C260007AA73 /* lock.png */ = {isa = PBXFileReference; lastKnownFileType = image.png; path = lock.png; sourceTree = "<group>"; };
		D4549ECC1D759C260007AA73 /* navBackBtn@2x.png */ = {isa = PBXFileReference; lastKnownFileType = image.png; path = "navBackBtn@2x.png"; sourceTree = "<group>"; };
		D4549ECD1D759C260007AA73 /* ZLCollectionCell.xib */ = {isa = PBXFileReference; fileEncoding = 4; lastKnownFileType = file.xib; path = ZLCollectionCell.xib; sourceTree = "<group>"; };
		D4549ECE1D759C260007AA73 /* ZLNoAuthorityViewController.xib */ = {isa = PBXFileReference; fileEncoding = 4; lastKnownFileType = file.xib; path = ZLNoAuthorityViewController.xib; sourceTree = "<group>"; };
		D4549ECF1D759C260007AA73 /* ZLPhotoActionSheet.xib */ = {isa = PBXFileReference; fileEncoding = 4; lastKnownFileType = file.xib; path = ZLPhotoActionSheet.xib; sourceTree = "<group>"; };
		D4549ED01D759C260007AA73 /* ZLPhotoBrowser.bundle */ = {isa = PBXFileReference; lastKnownFileType = "wrapper.plug-in"; path = ZLPhotoBrowser.bundle; sourceTree = "<group>"; };
		D4549ED11D759C260007AA73 /* ZLPhotoBrowserCell.xib */ = {isa = PBXFileReference; fileEncoding = 4; lastKnownFileType = file.xib; path = ZLPhotoBrowserCell.xib; sourceTree = "<group>"; };
		D4549ED21D759C260007AA73 /* ZLThumbnailViewController.xib */ = {isa = PBXFileReference; fileEncoding = 4; lastKnownFileType = file.xib; path = ZLThumbnailViewController.xib; sourceTree = "<group>"; };
		D4549ED31D759C260007AA73 /* ToastUtils.h */ = {isa = PBXFileReference; fileEncoding = 4; lastKnownFileType = sourcecode.c.h; path = ToastUtils.h; sourceTree = "<group>"; };
		D4549ED41D759C260007AA73 /* ToastUtils.m */ = {isa = PBXFileReference; fileEncoding = 4; lastKnownFileType = sourcecode.c.objc; path = ToastUtils.m; sourceTree = "<group>"; };
		D4549ED51D759C260007AA73 /* ZLBigImageCell.h */ = {isa = PBXFileReference; fileEncoding = 4; lastKnownFileType = sourcecode.c.h; path = ZLBigImageCell.h; sourceTree = "<group>"; };
		D4549ED61D759C260007AA73 /* ZLBigImageCell.m */ = {isa = PBXFileReference; fileEncoding = 4; lastKnownFileType = sourcecode.c.objc; path = ZLBigImageCell.m; sourceTree = "<group>"; };
		D4549ED71D759C260007AA73 /* ZLCollectionCell.h */ = {isa = PBXFileReference; fileEncoding = 4; lastKnownFileType = sourcecode.c.h; path = ZLCollectionCell.h; sourceTree = "<group>"; };
		D4549ED81D759C260007AA73 /* ZLCollectionCell.m */ = {isa = PBXFileReference; fileEncoding = 4; lastKnownFileType = sourcecode.c.objc; path = ZLCollectionCell.m; sourceTree = "<group>"; };
		D4549ED91D759C260007AA73 /* ZLDefine.h */ = {isa = PBXFileReference; fileEncoding = 4; lastKnownFileType = sourcecode.c.h; path = ZLDefine.h; sourceTree = "<group>"; };
		D4549EDA1D759C260007AA73 /* ZLNoAuthorityViewController.h */ = {isa = PBXFileReference; fileEncoding = 4; lastKnownFileType = sourcecode.c.h; path = ZLNoAuthorityViewController.h; sourceTree = "<group>"; };
		D4549EDB1D759C260007AA73 /* ZLNoAuthorityViewController.m */ = {isa = PBXFileReference; fileEncoding = 4; lastKnownFileType = sourcecode.c.objc; path = ZLNoAuthorityViewController.m; sourceTree = "<group>"; };
		D4549EDC1D759C260007AA73 /* ZLPhotoActionSheet.h */ = {isa = PBXFileReference; fileEncoding = 4; lastKnownFileType = sourcecode.c.h; path = ZLPhotoActionSheet.h; sourceTree = "<group>"; };
		D4549EDD1D759C260007AA73 /* ZLPhotoActionSheet.m */ = {isa = PBXFileReference; fileEncoding = 4; lastKnownFileType = sourcecode.c.objc; path = ZLPhotoActionSheet.m; sourceTree = "<group>"; };
		D4549EDE1D759C260007AA73 /* ZLPhotoBrowser.h */ = {isa = PBXFileReference; fileEncoding = 4; lastKnownFileType = sourcecode.c.h; path = ZLPhotoBrowser.h; sourceTree = "<group>"; };
		D4549EDF1D759C260007AA73 /* ZLPhotoBrowser.m */ = {isa = PBXFileReference; fileEncoding = 4; lastKnownFileType = sourcecode.c.objc; path = ZLPhotoBrowser.m; sourceTree = "<group>"; };
		D4549EE01D759C260007AA73 /* ZLPhotoBrowserCell.h */ = {isa = PBXFileReference; fileEncoding = 4; lastKnownFileType = sourcecode.c.h; path = ZLPhotoBrowserCell.h; sourceTree = "<group>"; };
		D4549EE11D759C260007AA73 /* ZLPhotoBrowserCell.m */ = {isa = PBXFileReference; fileEncoding = 4; lastKnownFileType = sourcecode.c.objc; path = ZLPhotoBrowserCell.m; sourceTree = "<group>"; };
		D4549EE21D759C260007AA73 /* ZLPhotoTool.h */ = {isa = PBXFileReference; fileEncoding = 4; lastKnownFileType = sourcecode.c.h; path = ZLPhotoTool.h; sourceTree = "<group>"; };
		D4549EE31D759C260007AA73 /* ZLPhotoTool.m */ = {isa = PBXFileReference; fileEncoding = 4; lastKnownFileType = sourcecode.c.objc; path = ZLPhotoTool.m; sourceTree = "<group>"; };
		D4549EE41D759C260007AA73 /* ZLProgressHUD.h */ = {isa = PBXFileReference; fileEncoding = 4; lastKnownFileType = sourcecode.c.h; path = ZLProgressHUD.h; sourceTree = "<group>"; };
		D4549EE51D759C260007AA73 /* ZLProgressHUD.m */ = {isa = PBXFileReference; fileEncoding = 4; lastKnownFileType = sourcecode.c.objc; path = ZLProgressHUD.m; sourceTree = "<group>"; };
		D4549EE61D759C260007AA73 /* ZLSelectPhotoModel.h */ = {isa = PBXFileReference; fileEncoding = 4; lastKnownFileType = sourcecode.c.h; path = ZLSelectPhotoModel.h; sourceTree = "<group>"; };
		D4549EE71D759C260007AA73 /* ZLSelectPhotoModel.m */ = {isa = PBXFileReference; fileEncoding = 4; lastKnownFileType = sourcecode.c.objc; path = ZLSelectPhotoModel.m; sourceTree = "<group>"; };
		D4549EE81D759C260007AA73 /* ZLShowBigImgViewController.h */ = {isa = PBXFileReference; fileEncoding = 4; lastKnownFileType = sourcecode.c.h; path = ZLShowBigImgViewController.h; sourceTree = "<group>"; };
		D4549EE91D759C260007AA73 /* ZLShowBigImgViewController.m */ = {isa = PBXFileReference; fileEncoding = 4; lastKnownFileType = sourcecode.c.objc; path = ZLShowBigImgViewController.m; sourceTree = "<group>"; };
		D4549EEA1D759C260007AA73 /* ZLThumbnailViewController.h */ = {isa = PBXFileReference; fileEncoding = 4; lastKnownFileType = sourcecode.c.h; path = ZLThumbnailViewController.h; sourceTree = "<group>"; };
		D4549EEB1D759C260007AA73 /* ZLThumbnailViewController.m */ = {isa = PBXFileReference; fileEncoding = 4; lastKnownFileType = sourcecode.c.objc; path = ZLThumbnailViewController.m; sourceTree = "<group>"; };
		D45C6F2E1D76698F007987DC /* MyTableViewController.h */ = {isa = PBXFileReference; fileEncoding = 4; lastKnownFileType = sourcecode.c.h; path = MyTableViewController.h; sourceTree = "<group>"; };
		D45C6F2F1D76698F007987DC /* MyTableViewController.m */ = {isa = PBXFileReference; fileEncoding = 4; lastKnownFileType = sourcecode.c.objc; path = MyTableViewController.m; sourceTree = "<group>"; };
		D45C6F341D76AD1D007987DC /* CustomViewController.h */ = {isa = PBXFileReference; fileEncoding = 4; lastKnownFileType = sourcecode.c.h; path = CustomViewController.h; sourceTree = "<group>"; };
		D45C6F351D76AD1D007987DC /* CustomViewController.m */ = {isa = PBXFileReference; fileEncoding = 4; lastKnownFileType = sourcecode.c.objc; path = CustomViewController.m; sourceTree = "<group>"; };
		D45C6F371D76AD92007987DC /* AssistViewController.h */ = {isa = PBXFileReference; fileEncoding = 4; lastKnownFileType = sourcecode.c.h; path = AssistViewController.h; sourceTree = "<group>"; };
		D45C6F381D76AD92007987DC /* AssistViewController.m */ = {isa = PBXFileReference; fileEncoding = 4; lastKnownFileType = sourcecode.c.objc; path = AssistViewController.m; sourceTree = "<group>"; };
		D45C6F3A1D76AE7B007987DC /* CategoryViewController.h */ = {isa = PBXFileReference; fileEncoding = 4; lastKnownFileType = sourcecode.c.h; path = CategoryViewController.h; sourceTree = "<group>"; };
		D45C6F3B1D76AE7B007987DC /* CategoryViewController.m */ = {isa = PBXFileReference; fileEncoding = 4; lastKnownFileType = sourcecode.c.objc; path = CategoryViewController.m; sourceTree = "<group>"; };
		D45C6F3D1D76AE95007987DC /* PhotoLibViewController.h */ = {isa = PBXFileReference; fileEncoding = 4; lastKnownFileType = sourcecode.c.h; path = PhotoLibViewController.h; sourceTree = "<group>"; };
		D45C6F3E1D76AE95007987DC /* PhotoLibViewController.m */ = {isa = PBXFileReference; fileEncoding = 4; lastKnownFileType = sourcecode.c.objc; path = PhotoLibViewController.m; sourceTree = "<group>"; };
		D45C6F441D76D411007987DC /* ImageShowCollectionViewCell.h */ = {isa = PBXFileReference; fileEncoding = 4; lastKnownFileType = sourcecode.c.h; path = ImageShowCollectionViewCell.h; sourceTree = "<group>"; };
		D45C6F451D76D411007987DC /* ImageShowCollectionViewCell.m */ = {isa = PBXFileReference; fileEncoding = 4; lastKnownFileType = sourcecode.c.objc; path = ImageShowCollectionViewCell.m; sourceTree = "<group>"; };
		D45C6F461D76D411007987DC /* ImageShowCollectionViewCell.xib */ = {isa = PBXFileReference; fileEncoding = 4; lastKnownFileType = file.xib; path = ImageShowCollectionViewCell.xib; sourceTree = "<group>"; };
		D45C6F501D76DE61007987DC /* CustomChildThreeTableViewController.h */ = {isa = PBXFileReference; fileEncoding = 4; lastKnownFileType = sourcecode.c.h; path = CustomChildThreeTableViewController.h; sourceTree = "<group>"; };
		D45C6F511D76DE61007987DC /* CustomChildThreeTableViewController.m */ = {isa = PBXFileReference; fileEncoding = 4; lastKnownFileType = sourcecode.c.objc; path = CustomChildThreeTableViewController.m; sourceTree = "<group>"; };
		D460E46F1CC874F7008AA90C /* ZWNetUtilsDemo.app */ = {isa = PBXFileReference; explicitFileType = wrapper.application; includeInIndex = 0; path = ZWNetUtilsDemo.app; sourceTree = BUILT_PRODUCTS_DIR; };
		D460E4731CC874F7008AA90C /* main.m */ = {isa = PBXFileReference; lastKnownFileType = sourcecode.c.objc; path = main.m; sourceTree = "<group>"; };
		D460E4751CC874F7008AA90C /* AppDelegate.h */ = {isa = PBXFileReference; lastKnownFileType = sourcecode.c.h; path = AppDelegate.h; sourceTree = "<group>"; };
		D460E4761CC874F7008AA90C /* AppDelegate.m */ = {isa = PBXFileReference; lastKnownFileType = sourcecode.c.objc; path = AppDelegate.m; sourceTree = "<group>"; };
		D460E47C1CC874F7008AA90C /* Base */ = {isa = PBXFileReference; lastKnownFileType = file.storyboard; name = Base; path = Base.lproj/Main.storyboard; sourceTree = "<group>"; };
		D460E47E1CC874F7008AA90C /* Assets.xcassets */ = {isa = PBXFileReference; lastKnownFileType = folder.assetcatalog; path = Assets.xcassets; sourceTree = "<group>"; };
		D460E4811CC874F7008AA90C /* Base */ = {isa = PBXFileReference; lastKnownFileType = file.storyboard; name = Base; path = Base.lproj/LaunchScreen.storyboard; sourceTree = "<group>"; };
		D460E4831CC874F7008AA90C /* Info.plist */ = {isa = PBXFileReference; lastKnownFileType = text.plist.xml; path = Info.plist; sourceTree = "<group>"; };
		D460E4881CC874F7008AA90C /* ZWNetUtilsDemoTests.xctest */ = {isa = PBXFileReference; explicitFileType = wrapper.cfbundle; includeInIndex = 0; path = ZWNetUtilsDemoTests.xctest; sourceTree = BUILT_PRODUCTS_DIR; };
		D460E48C1CC874F7008AA90C /* ZWNetUtilsDemoTests.m */ = {isa = PBXFileReference; lastKnownFileType = sourcecode.c.objc; path = ZWNetUtilsDemoTests.m; sourceTree = "<group>"; };
		D460E48E1CC874F7008AA90C /* Info.plist */ = {isa = PBXFileReference; lastKnownFileType = text.plist.xml; path = Info.plist; sourceTree = "<group>"; };
		D460E4931CC874F7008AA90C /* ZWNetUtilsDemoUITests.xctest */ = {isa = PBXFileReference; explicitFileType = wrapper.cfbundle; includeInIndex = 0; path = ZWNetUtilsDemoUITests.xctest; sourceTree = BUILT_PRODUCTS_DIR; };
		D460E4971CC874F7008AA90C /* ZWNetUtilsDemoUITests.m */ = {isa = PBXFileReference; lastKnownFileType = sourcecode.c.objc; path = ZWNetUtilsDemoUITests.m; sourceTree = "<group>"; };
		D460E4991CC874F7008AA90C /* Info.plist */ = {isa = PBXFileReference; lastKnownFileType = text.plist.xml; path = Info.plist; sourceTree = "<group>"; };
		D4F014CE1D790B4B00740633 /* CustomChildTwoTableViewController.h */ = {isa = PBXFileReference; fileEncoding = 4; lastKnownFileType = sourcecode.c.h; path = CustomChildTwoTableViewController.h; sourceTree = "<group>"; };
		D4F014CF1D790B4B00740633 /* CustomChildTwoTableViewController.m */ = {isa = PBXFileReference; fileEncoding = 4; lastKnownFileType = sourcecode.c.objc; path = CustomChildTwoTableViewController.m; sourceTree = "<group>"; };
		D4F014D11D790B6400740633 /* CustomChildTableViewController.h */ = {isa = PBXFileReference; fileEncoding = 4; lastKnownFileType = sourcecode.c.h; path = CustomChildTableViewController.h; sourceTree = "<group>"; };
		D4F014D21D790B6400740633 /* CustomChildTableViewController.m */ = {isa = PBXFileReference; fileEncoding = 4; lastKnownFileType = sourcecode.c.objc; path = CustomChildTableViewController.m; sourceTree = "<group>"; };
/* End PBXFileReference section */

/* Begin PBXFrameworksBuildPhase section */
		D460E46C1CC874F7008AA90C /* Frameworks */ = {
			isa = PBXFrameworksBuildPhase;
			buildActionMask = 2147483647;
			files = (
				D4549EBC1D7596D60007AA73 /* Photos.framework in Frameworks */,
				866A7889212AA7538C2385AC /* Pods_ZWNetUtilsDemo.framework in Frameworks */,
			);
			runOnlyForDeploymentPostprocessing = 0;
		};
		D460E4851CC874F7008AA90C /* Frameworks */ = {
			isa = PBXFrameworksBuildPhase;
			buildActionMask = 2147483647;
			files = (
			);
			runOnlyForDeploymentPostprocessing = 0;
		};
		D460E4901CC874F7008AA90C /* Frameworks */ = {
			isa = PBXFrameworksBuildPhase;
			buildActionMask = 2147483647;
			files = (
			);
			runOnlyForDeploymentPostprocessing = 0;
		};
/* End PBXFrameworksBuildPhase section */

/* Begin PBXGroup section */
		9F17685500ED9765E367245D /* Pods */ = {
			isa = PBXGroup;
			children = (
				052AF003B0E60825AD23E64C /* Pods-ZWNetUtilsDemo.debug.xcconfig */,
				87573660C21E19D9F72F318C /* Pods-ZWNetUtilsDemo.release.xcconfig */,
			);
			name = Pods;
			sourceTree = "<group>";
		};
		D418ECF61D0E5ED100FC255B /* PlaceholderTextView */ = {
			isa = PBXGroup;
			children = (
				D418ECF71D0E5ED100FC255B /* PlaceholderTextView.h */,
				D418ECF81D0E5ED100FC255B /* PlaceholderTextView.m */,
			);
			path = PlaceholderTextView;
			sourceTree = "<group>";
		};
		D418ECFA1D0E5ED900FC255B /* XYYSegmentControl */ = {
			isa = PBXGroup;
			children = (
				D418ECFB1D0E5ED900FC255B /* XYYSegmentControl.h */,
				D418ECFC1D0E5ED900FC255B /* XYYSegmentControl.m */,
				D418ECFD1D0E5ED900FC255B /* ZWSegmentedControl.h */,
				D418ECFE1D0E5ED900FC255B /* ZWSegmentedControl.m */,
			);
			path = XYYSegmentControl;
			sourceTree = "<group>";
		};
		D418ED2F1D0E5EFF00FC255B /* MJExtension */ = {
			isa = PBXGroup;
			children = (
				D418ED301D0E5EFF00FC255B /* MJExtension.h */,
				D418ED311D0E5EFF00FC255B /* MJExtensionConst.h */,
				D418ED321D0E5EFF00FC255B /* MJExtensionConst.m */,
				D418ED331D0E5EFF00FC255B /* MJFoundation.h */,
				D418ED341D0E5EFF00FC255B /* MJFoundation.m */,
				D418ED351D0E5EFF00FC255B /* MJProperty.h */,
				D418ED361D0E5EFF00FC255B /* MJProperty.m */,
				D418ED371D0E5EFF00FC255B /* MJPropertyKey.h */,
				D418ED381D0E5EFF00FC255B /* MJPropertyKey.m */,
				D418ED391D0E5EFF00FC255B /* MJPropertyType.h */,
				D418ED3A1D0E5EFF00FC255B /* MJPropertyType.m */,
				D418ED3B1D0E5EFF00FC255B /* NSObject+MJClass.h */,
				D418ED3C1D0E5EFF00FC255B /* NSObject+MJClass.m */,
				D418ED3D1D0E5EFF00FC255B /* NSObject+MJCoding.h */,
				D418ED3E1D0E5EFF00FC255B /* NSObject+MJCoding.m */,
				D418ED3F1D0E5EFF00FC255B /* NSObject+MJKeyValue.h */,
				D418ED401D0E5EFF00FC255B /* NSObject+MJKeyValue.m */,
				D418ED411D0E5EFF00FC255B /* NSObject+MJProperty.h */,
				D418ED421D0E5EFF00FC255B /* NSObject+MJProperty.m */,
				D418ED431D0E5EFF00FC255B /* NSString+MJExtension.h */,
				D418ED441D0E5EFF00FC255B /* NSString+MJExtension.m */,
			);
			path = MJExtension;
			sourceTree = "<group>";
		};
		D418ED501D0E948F00FC255B /* ZWTabBarItem */ = {
			isa = PBXGroup;
			children = (
				D418ED511D0E948F00FC255B /* ZWTabBarItem.h */,
				D418ED521D0E948F00FC255B /* ZWTabBarItem.m */,
			);
			path = ZWTabBarItem;
			sourceTree = "<group>";
		};
		D43954AA1CC89B5F00EF14AA /* ZWNetUtils */ = {
			isa = PBXGroup;
			children = (
				D43954FF1CC8AEB200EF14AA /* Tools */,
				D43954BF1CC89B5F00EF14AA /* Functions.h */,
				D43954C01CC89B5F00EF14AA /* Functions.m */,
				D43954C11CC89B5F00EF14AA /* KeyStrings.h */,
				D43954C81CC89B5F00EF14AA /* NetConfig.h */,
				D43954C91CC89B5F00EF14AA /* NetConfig.m */,
				D43954FC1CC8A9E800EF14AA /* ZWNetUtils.h */,
			);
			path = ZWNetUtils;
			sourceTree = "<group>";
		};
		D43954FF1CC8AEB200EF14AA /* Tools */ = {
			isa = PBXGroup;
			children = (
				D418ED501D0E948F00FC255B /* ZWTabBarItem */,
				D418ED2F1D0E5EFF00FC255B /* MJExtension */,
				D418ECFA1D0E5ED900FC255B /* XYYSegmentControl */,
				D418ECF61D0E5ED100FC255B /* PlaceholderTextView */,
				D43955001CC8AEB200EF14AA /* BasePicker */,
				D43955E81CC8B1C300EF14AA /* DJPageView */,
				D43955051CC8AEB200EF14AA /* DLRadioButton */,
				D43955081CC8AEB200EF14AA /* DXAlertView */,
				D439550F1CC8AEB200EF14AA /* EAIntroView */,
				D43955141CC8AEB200EF14AA /* FYPhotoBrowser */,
				D439551A1CC8AEB200EF14AA /* HMSegmentedControl */,
				D43955EC1CC8B6D600EF14AA /* HXTagsView */,
				D439551D1CC8AEB200EF14AA /* JYRadarChart */,
				D439559A1CC8AF2F00EF14AA /* MBProgressHUD+MJ */,
				D43955901CC8AF0500EF14AA /* Networking */,
				D43955511CC8AEB200EF14AA /* UAProgressView */,
				D43955541CC8AEB200EF14AA /* VPImageCropper */,
				D4549EBD1D759C260007AA73 /* PhotoBrowser */,
			);
			path = Tools;
			sourceTree = "<group>";
		};
		D43955001CC8AEB200EF14AA /* BasePicker */ = {
			isa = PBXGroup;
			children = (
				D43955011CC8AEB200EF14AA /* BasePickerView.h */,
				D43955021CC8AEB200EF14AA /* BasePickerView.m */,
				D43955031CC8AEB200EF14AA /* BasePickerView.xib */,
				D43955041CC8AEB200EF14AA /* state.plist */,
			);
			path = BasePicker;
			sourceTree = "<group>";
		};
		D43955051CC8AEB200EF14AA /* DLRadioButton */ = {
			isa = PBXGroup;
			children = (
				D43955061CC8AEB200EF14AA /* DLRadioButton.h */,
				D43955071CC8AEB200EF14AA /* DLRadioButton.m */,
			);
			path = DLRadioButton;
			sourceTree = "<group>";
		};
		D43955081CC8AEB200EF14AA /* DXAlertView */ = {
			isa = PBXGroup;
			children = (
				D43955091CC8AEB200EF14AA /* btn_close_normal.png */,
				D439550A1CC8AEB200EF14AA /* btn_close_normal@2x.png */,
				D439550B1CC8AEB200EF14AA /* btn_close_selected.png */,
				D439550C1CC8AEB200EF14AA /* btn_close_selected@2x.png */,
				D439550D1CC8AEB200EF14AA /* DXAlertView.h */,
				D439550E1CC8AEB200EF14AA /* DXAlertView.m */,
			);
			path = DXAlertView;
			sourceTree = "<group>";
		};
		D439550F1CC8AEB200EF14AA /* EAIntroView */ = {
			isa = PBXGroup;
			children = (
				D43955101CC8AEB200EF14AA /* EAIntroPage.h */,
				D43955111CC8AEB200EF14AA /* EAIntroPage.m */,
				D43955121CC8AEB200EF14AA /* EAIntroView.h */,
				D43955131CC8AEB200EF14AA /* EAIntroView.m */,
			);
			path = EAIntroView;
			sourceTree = "<group>";
		};
		D43955141CC8AEB200EF14AA /* FYPhotoBrowser */ = {
			isa = PBXGroup;
			children = (
				D43955151CC8AEB200EF14AA /* FYImageView.h */,
				D43955161CC8AEB200EF14AA /* FYImageView.m */,
				D43955171CC8AEB200EF14AA /* FYPhoto.h */,
				D43955181CC8AEB200EF14AA /* FYPhotoBrowser.h */,
				D43955191CC8AEB200EF14AA /* FYPhotoBrowser.m */,
			);
			path = FYPhotoBrowser;
			sourceTree = "<group>";
		};
		D439551A1CC8AEB200EF14AA /* HMSegmentedControl */ = {
			isa = PBXGroup;
			children = (
				D439551B1CC8AEB200EF14AA /* HMSegmentedControl.h */,
				D439551C1CC8AEB200EF14AA /* HMSegmentedControl.m */,
			);
			path = HMSegmentedControl;
			sourceTree = "<group>";
		};
		D439551D1CC8AEB200EF14AA /* JYRadarChart */ = {
			isa = PBXGroup;
			children = (
				D439551E1CC8AEB200EF14AA /* JYLegendView.h */,
				D439551F1CC8AEB200EF14AA /* JYLegendView.m */,
				D43955201CC8AEB200EF14AA /* JYRadarChart.h */,
				D43955211CC8AEB200EF14AA /* JYRadarChart.m */,
			);
			path = JYRadarChart;
			sourceTree = "<group>";
		};
		D43955511CC8AEB200EF14AA /* UAProgressView */ = {
			isa = PBXGroup;
			children = (
				D43955521CC8AEB200EF14AA /* UAProgressView.h */,
				D43955531CC8AEB200EF14AA /* UAProgressView.m */,
			);
			path = UAProgressView;
			sourceTree = "<group>";
		};
		D43955541CC8AEB200EF14AA /* VPImageCropper */ = {
			isa = PBXGroup;
			children = (
				D43955551CC8AEB200EF14AA /* VPImageCropperViewController.h */,
				D43955561CC8AEB200EF14AA /* VPImageCropperViewController.m */,
			);
			path = VPImageCropper;
			sourceTree = "<group>";
		};
		D43955901CC8AF0500EF14AA /* Networking */ = {
			isa = PBXGroup;
			children = (
				D43955911CC8AF0500EF14AA /* AFDownloadRequestOperation.h */,
				D43955921CC8AF0500EF14AA /* AFDownloadRequestOperation.m */,
				D43955931CC8AF0500EF14AA /* DownloadTask.h */,
				D43955941CC8AF0500EF14AA /* DownloadTask.m */,
				D43955951CC8AF0500EF14AA /* Networking.h */,
				D43955961CC8AF0500EF14AA /* Networking.m */,
			);
			path = Networking;
			sourceTree = "<group>";
		};
		D439559A1CC8AF2F00EF14AA /* MBProgressHUD+MJ */ = {
			isa = PBXGroup;
			children = (
				D439559B1CC8AF2F00EF14AA /* MBProgressHUD+MJ.h */,
				D439559C1CC8AF2F00EF14AA /* MBProgressHUD+MJ.m */,
				D439559D1CC8AF2F00EF14AA /* MBProgressHUD.bundle */,
			);
			path = "MBProgressHUD+MJ";
			sourceTree = "<group>";
		};
		D43955E81CC8B1C300EF14AA /* DJPageView */ = {
			isa = PBXGroup;
			children = (
				D43955E91CC8B1C300EF14AA /* DJPageView.h */,
				D43955EA1CC8B1C300EF14AA /* DJPageView.m */,
			);
			path = DJPageView;
			sourceTree = "<group>";
		};
		D43955EC1CC8B6D600EF14AA /* HXTagsView */ = {
			isa = PBXGroup;
			children = (
				D43955ED1CC8B6D600EF14AA /* HXTagsView.h */,
				D43955EE1CC8B6D600EF14AA /* HXTagsView.m */,
			);
			path = HXTagsView;
			sourceTree = "<group>";
		};
		D4549EBD1D759C260007AA73 /* PhotoBrowser */ = {
			isa = PBXGroup;
			children = (
				D4549EBE1D759C260007AA73 /* resource */,
				D4549ED31D759C260007AA73 /* ToastUtils.h */,
				D4549ED41D759C260007AA73 /* ToastUtils.m */,
				D4549ED51D759C260007AA73 /* ZLBigImageCell.h */,
				D4549ED61D759C260007AA73 /* ZLBigImageCell.m */,
				D4549ED71D759C260007AA73 /* ZLCollectionCell.h */,
				D4549ED81D759C260007AA73 /* ZLCollectionCell.m */,
				D4549ED91D759C260007AA73 /* ZLDefine.h */,
				D4549EDA1D759C260007AA73 /* ZLNoAuthorityViewController.h */,
				D4549EDB1D759C260007AA73 /* ZLNoAuthorityViewController.m */,
				D4549EDC1D759C260007AA73 /* ZLPhotoActionSheet.h */,
				D4549EDD1D759C260007AA73 /* ZLPhotoActionSheet.m */,
				D4549EDE1D759C260007AA73 /* ZLPhotoBrowser.h */,
				D4549EDF1D759C260007AA73 /* ZLPhotoBrowser.m */,
				D4549EE01D759C260007AA73 /* ZLPhotoBrowserCell.h */,
				D4549EE11D759C260007AA73 /* ZLPhotoBrowserCell.m */,
				D4549EE21D759C260007AA73 /* ZLPhotoTool.h */,
				D4549EE31D759C260007AA73 /* ZLPhotoTool.m */,
				D4549EE41D759C260007AA73 /* ZLProgressHUD.h */,
				D4549EE51D759C260007AA73 /* ZLProgressHUD.m */,
				D4549EE61D759C260007AA73 /* ZLSelectPhotoModel.h */,
				D4549EE71D759C260007AA73 /* ZLSelectPhotoModel.m */,
				D4549EE81D759C260007AA73 /* ZLShowBigImgViewController.h */,
				D4549EE91D759C260007AA73 /* ZLShowBigImgViewController.m */,
				D4549EEA1D759C260007AA73 /* ZLThumbnailViewController.h */,
				D4549EEB1D759C260007AA73 /* ZLThumbnailViewController.m */,
			);
			path = PhotoBrowser;
			sourceTree = "<group>";
		};
		D4549EBE1D759C260007AA73 /* resource */ = {
			isa = PBXGroup;
			children = (
				D4549EBF1D759C260007AA73 /* btn_circle@2x.png */,
				D4549EC01D759C260007AA73 /* btn_circle@3x.png */,
				D4549EC11D759C260007AA73 /* btn_original_circle.png */,
				D4549EC21D759C260007AA73 /* btn_original_circle@2x.png */,
				D4549EC31D759C260007AA73 /* btn_original_circle@3x.png */,
				D4549EC41D759C260007AA73 /* btn_selected.png */,
				D4549EC51D759C260007AA73 /* btn_selected@2x.png */,
				D4549EC61D759C260007AA73 /* btn_selected@3x.png */,
				D4549EC71D759C260007AA73 /* btn_unselected.png */,
				D4549EC81D759C260007AA73 /* btn_unselected@2x.png */,
				D4549EC91D759C260007AA73 /* btn_unselected@3x.png */,
				D4549ECA1D759C260007AA73 /* defaultphoto.png */,
				D4549ECB1D759C260007AA73 /* lock.png */,
				D4549ECC1D759C260007AA73 /* navBackBtn@2x.png */,
				D4549ECD1D759C260007AA73 /* ZLCollectionCell.xib */,
				D4549ECE1D759C260007AA73 /* ZLNoAuthorityViewController.xib */,
				D4549ECF1D759C260007AA73 /* ZLPhotoActionSheet.xib */,
				D4549ED01D759C260007AA73 /* ZLPhotoBrowser.bundle */,
				D4549ED11D759C260007AA73 /* ZLPhotoBrowserCell.xib */,
				D4549ED21D759C260007AA73 /* ZLThumbnailViewController.xib */,
			);
			path = resource;
			sourceTree = "<group>";
		};
		D45C6F431D76D3F7007987DC /* Views */ = {
			isa = PBXGroup;
			children = (
				D45C6F441D76D411007987DC /* ImageShowCollectionViewCell.h */,
				D45C6F451D76D411007987DC /* ImageShowCollectionViewCell.m */,
				D45C6F461D76D411007987DC /* ImageShowCollectionViewCell.xib */,
			);
			name = Views;
			sourceTree = "<group>";
		};
		D45C6F491D76D421007987DC /* Controllers */ = {
			isa = PBXGroup;
			children = (
				D45C6F501D76DE61007987DC /* CustomChildThreeTableViewController.h */,
				D45C6F511D76DE61007987DC /* CustomChildThreeTableViewController.m */,
				D4F014CE1D790B4B00740633 /* CustomChildTwoTableViewController.h */,
				D4F014CF1D790B4B00740633 /* CustomChildTwoTableViewController.m */,
				D4F014D11D790B6400740633 /* CustomChildTableViewController.h */,
				D4F014D21D790B6400740633 /* CustomChildTableViewController.m */,
				D45C6F341D76AD1D007987DC /* CustomViewController.h */,
				D45C6F351D76AD1D007987DC /* CustomViewController.m */,
				D45C6F371D76AD92007987DC /* AssistViewController.h */,
				D45C6F381D76AD92007987DC /* AssistViewController.m */,
				D45C6F3A1D76AE7B007987DC /* CategoryViewController.h */,
				D45C6F3B1D76AE7B007987DC /* CategoryViewController.m */,
				D45C6F3D1D76AE95007987DC /* PhotoLibViewController.h */,
				D45C6F3E1D76AE95007987DC /* PhotoLibViewController.m */,
			);
			name = Controllers;
			sourceTree = "<group>";
		};
		D460E4661CC874F7008AA90C = {
			isa = PBXGroup;
			children = (
				D460E4711CC874F7008AA90C /* ZWNetUtilsDemo */,
				D460E48B1CC874F7008AA90C /* ZWNetUtilsDemoTests */,
				D460E4961CC874F7008AA90C /* ZWNetUtilsDemoUITests */,
				D460E4701CC874F7008AA90C /* Products */,
				9F17685500ED9765E367245D /* Pods */,
				EC4C55999938C324B19AC8EA /* Frameworks */,
			);
			sourceTree = "<group>";
		};
		D460E4701CC874F7008AA90C /* Products */ = {
			isa = PBXGroup;
			children = (
				D460E46F1CC874F7008AA90C /* ZWNetUtilsDemo.app */,
				D460E4881CC874F7008AA90C /* ZWNetUtilsDemoTests.xctest */,
				D460E4931CC874F7008AA90C /* ZWNetUtilsDemoUITests.xctest */,
			);
			name = Products;
			sourceTree = "<group>";
		};
		D460E4711CC874F7008AA90C /* ZWNetUtilsDemo */ = {
			isa = PBXGroup;
			children = (
				D43954AA1CC89B5F00EF14AA /* ZWNetUtils */,
				D45C6F431D76D3F7007987DC /* Views */,
				D45C6F491D76D421007987DC /* Controllers */,
				D460E4751CC874F7008AA90C /* AppDelegate.h */,
				D460E4761CC874F7008AA90C /* AppDelegate.m */,
				D45C6F2E1D76698F007987DC /* MyTableViewController.h */,
				D45C6F2F1D76698F007987DC /* MyTableViewController.m */,
				D460E47B1CC874F7008AA90C /* Main.storyboard */,
				D460E47E1CC874F7008AA90C /* Assets.xcassets */,
				D460E4801CC874F7008AA90C /* LaunchScreen.storyboard */,
				D460E4831CC874F7008AA90C /* Info.plist */,
				D460E4721CC874F7008AA90C /* Supporting Files */,
			);
			path = ZWNetUtilsDemo;
			sourceTree = "<group>";
		};
		D460E4721CC874F7008AA90C /* Supporting Files */ = {
			isa = PBXGroup;
			children = (
				D460E4731CC874F7008AA90C /* main.m */,
			);
			name = "Supporting Files";
			sourceTree = "<group>";
		};
		D460E48B1CC874F7008AA90C /* ZWNetUtilsDemoTests */ = {
			isa = PBXGroup;
			children = (
				D460E48C1CC874F7008AA90C /* ZWNetUtilsDemoTests.m */,
				D460E48E1CC874F7008AA90C /* Info.plist */,
			);
			path = ZWNetUtilsDemoTests;
			sourceTree = "<group>";
		};
		D460E4961CC874F7008AA90C /* ZWNetUtilsDemoUITests */ = {
			isa = PBXGroup;
			children = (
				D460E4971CC874F7008AA90C /* ZWNetUtilsDemoUITests.m */,
				D460E4991CC874F7008AA90C /* Info.plist */,
			);
			path = ZWNetUtilsDemoUITests;
			sourceTree = "<group>";
		};
		EC4C55999938C324B19AC8EA /* Frameworks */ = {
			isa = PBXGroup;
			children = (
				D4549EBB1D7596D60007AA73 /* Photos.framework */,
				6C4B2AD6982CD76049BE6596 /* Pods_ZWNetUtilsDemo.framework */,
			);
			name = Frameworks;
			sourceTree = "<group>";
		};
/* End PBXGroup section */

/* Begin PBXNativeTarget section */
		D460E46E1CC874F7008AA90C /* ZWNetUtilsDemo */ = {
			isa = PBXNativeTarget;
			buildConfigurationList = D460E49C1CC874F7008AA90C /* Build configuration list for PBXNativeTarget "ZWNetUtilsDemo" */;
			buildPhases = (
				5C6BA79C83278CBB9074969D /* 📦 Check Pods Manifest.lock */,
				D460E46B1CC874F7008AA90C /* Sources */,
				D460E46C1CC874F7008AA90C /* Frameworks */,
				D460E46D1CC874F7008AA90C /* Resources */,
				74184DD1B13DD7BEBE576687 /* 📦 Embed Pods Frameworks */,
				810E396A511F53C5766BF616 /* 📦 Copy Pods Resources */,
			);
			buildRules = (
			);
			dependencies = (
			);
			name = ZWNetUtilsDemo;
			productName = ZWNetUtilsDemo;
			productReference = D460E46F1CC874F7008AA90C /* ZWNetUtilsDemo.app */;
			productType = "com.apple.product-type.application";
		};
		D460E4871CC874F7008AA90C /* ZWNetUtilsDemoTests */ = {
			isa = PBXNativeTarget;
			buildConfigurationList = D460E49F1CC874F7008AA90C /* Build configuration list for PBXNativeTarget "ZWNetUtilsDemoTests" */;
			buildPhases = (
				D460E4841CC874F7008AA90C /* Sources */,
				D460E4851CC874F7008AA90C /* Frameworks */,
				D460E4861CC874F7008AA90C /* Resources */,
			);
			buildRules = (
			);
			dependencies = (
				D460E48A1CC874F7008AA90C /* PBXTargetDependency */,
			);
			name = ZWNetUtilsDemoTests;
			productName = ZWNetUtilsDemoTests;
			productReference = D460E4881CC874F7008AA90C /* ZWNetUtilsDemoTests.xctest */;
			productType = "com.apple.product-type.bundle.unit-test";
		};
		D460E4921CC874F7008AA90C /* ZWNetUtilsDemoUITests */ = {
			isa = PBXNativeTarget;
			buildConfigurationList = D460E4A21CC874F7008AA90C /* Build configuration list for PBXNativeTarget "ZWNetUtilsDemoUITests" */;
			buildPhases = (
				D460E48F1CC874F7008AA90C /* Sources */,
				D460E4901CC874F7008AA90C /* Frameworks */,
				D460E4911CC874F7008AA90C /* Resources */,
			);
			buildRules = (
			);
			dependencies = (
				D460E4951CC874F7008AA90C /* PBXTargetDependency */,
			);
			name = ZWNetUtilsDemoUITests;
			productName = ZWNetUtilsDemoUITests;
			productReference = D460E4931CC874F7008AA90C /* ZWNetUtilsDemoUITests.xctest */;
			productType = "com.apple.product-type.bundle.ui-testing";
		};
/* End PBXNativeTarget section */

/* Begin PBXProject section */
		D460E4671CC874F7008AA90C /* Project object */ = {
			isa = PBXProject;
			attributes = {
				LastUpgradeCheck = 0720;
				ORGANIZATIONNAME = testWanney;
				TargetAttributes = {
					D460E46E1CC874F7008AA90C = {
						CreatedOnToolsVersion = 7.2.1;
					};
					D460E4871CC874F7008AA90C = {
						CreatedOnToolsVersion = 7.2.1;
						TestTargetID = D460E46E1CC874F7008AA90C;
					};
					D460E4921CC874F7008AA90C = {
						CreatedOnToolsVersion = 7.2.1;
						TestTargetID = D460E46E1CC874F7008AA90C;
					};
				};
			};
			buildConfigurationList = D460E46A1CC874F7008AA90C /* Build configuration list for PBXProject "ZWNetUtilsDemo" */;
			compatibilityVersion = "Xcode 3.2";
			developmentRegion = English;
			hasScannedForEncodings = 0;
			knownRegions = (
				en,
				Base,
			);
			mainGroup = D460E4661CC874F7008AA90C;
			productRefGroup = D460E4701CC874F7008AA90C /* Products */;
			projectDirPath = "";
			projectRoot = "";
			targets = (
				D460E46E1CC874F7008AA90C /* ZWNetUtilsDemo */,
				D460E4871CC874F7008AA90C /* ZWNetUtilsDemoTests */,
				D460E4921CC874F7008AA90C /* ZWNetUtilsDemoUITests */,
			);
		};
/* End PBXProject section */

/* Begin PBXResourcesBuildPhase section */
		D460E46D1CC874F7008AA90C /* Resources */ = {
			isa = PBXResourcesBuildPhase;
			buildActionMask = 2147483647;
			files = (
				D4549EFA1D759C260007AA73 /* ZLCollectionCell.xib in Resources */,
				D4549EF91D759C260007AA73 /* navBackBtn@2x.png in Resources */,
				D460E4821CC874F7008AA90C /* LaunchScreen.storyboard in Resources */,
				D439555B1CC8AEB200EF14AA /* BasePickerView.xib in Resources */,
				D4549EF01D759C260007AA73 /* btn_original_circle@3x.png in Resources */,
				D439555C1CC8AEB200EF14AA /* state.plist in Resources */,
				D4549EF61D759C260007AA73 /* btn_unselected@3x.png in Resources */,
				D460E47F1CC874F7008AA90C /* Assets.xcassets in Resources */,
				D4549EF31D759C260007AA73 /* btn_selected@3x.png in Resources */,
				D439559F1CC8AF2F00EF14AA /* MBProgressHUD.bundle in Resources */,
				D4549EF81D759C260007AA73 /* lock.png in Resources */,
				D4549EF71D759C260007AA73 /* defaultphoto.png in Resources */,
				D45C6F481D76D411007987DC /* ImageShowCollectionViewCell.xib in Resources */,
				D4549EF41D759C260007AA73 /* btn_unselected.png in Resources */,
				D4549EFE1D759C260007AA73 /* ZLPhotoBrowserCell.xib in Resources */,
				D4549EFB1D759C260007AA73 /* ZLNoAuthorityViewController.xib in Resources */,
				D4549EEE1D759C260007AA73 /* btn_original_circle.png in Resources */,
				D4549EEF1D759C260007AA73 /* btn_original_circle@2x.png in Resources */,
				D4549EFF1D759C260007AA73 /* ZLThumbnailViewController.xib in Resources */,
				D43955611CC8AEB200EF14AA /* btn_close_selected@2x.png in Resources */,
				D439555F1CC8AEB200EF14AA /* btn_close_normal@2x.png in Resources */,
				D4549EEC1D759C260007AA73 /* btn_circle@2x.png in Resources */,
				D4549EFC1D759C260007AA73 /* ZLPhotoActionSheet.xib in Resources */,
				D4549EED1D759C260007AA73 /* btn_circle@3x.png in Resources */,
				D439555E1CC8AEB200EF14AA /* btn_close_normal.png in Resources */,
				D460E47D1CC874F7008AA90C /* Main.storyboard in Resources */,
				D43955601CC8AEB200EF14AA /* btn_close_selected.png in Resources */,
				D4549EF51D759C260007AA73 /* btn_unselected@2x.png in Resources */,
				D4549EFD1D759C260007AA73 /* ZLPhotoBrowser.bundle in Resources */,
				D4549EF11D759C260007AA73 /* btn_selected.png in Resources */,
				D4549EF21D759C260007AA73 /* btn_selected@2x.png in Resources */,
			);
			runOnlyForDeploymentPostprocessing = 0;
		};
		D460E4861CC874F7008AA90C /* Resources */ = {
			isa = PBXResourcesBuildPhase;
			buildActionMask = 2147483647;
			files = (
			);
			runOnlyForDeploymentPostprocessing = 0;
		};
		D460E4911CC874F7008AA90C /* Resources */ = {
			isa = PBXResourcesBuildPhase;
			buildActionMask = 2147483647;
			files = (
			);
			runOnlyForDeploymentPostprocessing = 0;
		};
/* End PBXResourcesBuildPhase section */

/* Begin PBXShellScriptBuildPhase section */
		5C6BA79C83278CBB9074969D /* 📦 Check Pods Manifest.lock */ = {
			isa = PBXShellScriptBuildPhase;
			buildActionMask = 2147483647;
			files = (
			);
			inputPaths = (
			);
			name = "📦 Check Pods Manifest.lock";
			outputPaths = (
			);
			runOnlyForDeploymentPostprocessing = 0;
			shellPath = /bin/sh;
			shellScript = "diff \"${PODS_ROOT}/../Podfile.lock\" \"${PODS_ROOT}/Manifest.lock\" > /dev/null\nif [[ $? != 0 ]] ; then\n    cat << EOM\nerror: The sandbox is not in sync with the Podfile.lock. Run 'pod install' or update your CocoaPods installation.\nEOM\n    exit 1\nfi\n";
			showEnvVarsInLog = 0;
		};
		74184DD1B13DD7BEBE576687 /* 📦 Embed Pods Frameworks */ = {
			isa = PBXShellScriptBuildPhase;
			buildActionMask = 2147483647;
			files = (
			);
			inputPaths = (
			);
			name = "📦 Embed Pods Frameworks";
			outputPaths = (
			);
			runOnlyForDeploymentPostprocessing = 0;
			shellPath = /bin/sh;
			shellScript = "\"${SRCROOT}/Pods/Target Support Files/Pods-ZWNetUtilsDemo/Pods-ZWNetUtilsDemo-frameworks.sh\"\n";
			showEnvVarsInLog = 0;
		};
		810E396A511F53C5766BF616 /* 📦 Copy Pods Resources */ = {
			isa = PBXShellScriptBuildPhase;
			buildActionMask = 2147483647;
			files = (
			);
			inputPaths = (
			);
			name = "📦 Copy Pods Resources";
			outputPaths = (
			);
			runOnlyForDeploymentPostprocessing = 0;
			shellPath = /bin/sh;
			shellScript = "\"${SRCROOT}/Pods/Target Support Files/Pods-ZWNetUtilsDemo/Pods-ZWNetUtilsDemo-resources.sh\"\n";
			showEnvVarsInLog = 0;
		};
/* End PBXShellScriptBuildPhase section */

/* Begin PBXSourcesBuildPhase section */
		D460E46B1CC874F7008AA90C /* Sources */ = {
			isa = PBXSourcesBuildPhase;
			buildActionMask = 2147483647;
			files = (
				D4F014D01D790B4B00740633 /* CustomChildTwoTableViewController.m in Sources */,
				D418ED4C1D0E5EFF00FC255B /* NSObject+MJKeyValue.m in Sources */,
				D43955881CC8AEB200EF14AA /* VPImageCropperViewController.m in Sources */,
				D4549F061D759C260007AA73 /* ZLPhotoBrowserCell.m in Sources */,
				D418ED491D0E5EFF00FC255B /* MJPropertyType.m in Sources */,
				D439555A1CC8AEB200EF14AA /* BasePickerView.m in Sources */,
				D43954F01CC89B5F00EF14AA /* NetConfig.m in Sources */,
				D43955651CC8AEB200EF14AA /* FYImageView.m in Sources */,
				D4549F051D759C260007AA73 /* ZLPhotoBrowser.m in Sources */,
				D45C6F471D76D411007987DC /* ImageShowCollectionViewCell.m in Sources */,
				D43955621CC8AEB200EF14AA /* DXAlertView.m in Sources */,
				D418ED4E1D0E5EFF00FC255B /* NSString+MJExtension.m in Sources */,
				D43955631CC8AEB200EF14AA /* EAIntroPage.m in Sources */,
				D45C6F361D76AD1D007987DC /* CustomViewController.m in Sources */,
				D45C6F301D76698F007987DC /* MyTableViewController.m in Sources */,
				D4549F091D759C260007AA73 /* ZLSelectPhotoModel.m in Sources */,
				D43955691CC8AEB200EF14AA /* JYRadarChart.m in Sources */,
				D4549F031D759C260007AA73 /* ZLNoAuthorityViewController.m in Sources */,
				D439559E1CC8AF2F00EF14AA /* MBProgressHUD+MJ.m in Sources */,
				D418ED481D0E5EFF00FC255B /* MJPropertyKey.m in Sources */,
				D4549F071D759C260007AA73 /* ZLPhotoTool.m in Sources */,
				D45C6F521D76DE61007987DC /* CustomChildThreeTableViewController.m in Sources */,
				D43955671CC8AEB200EF14AA /* HMSegmentedControl.m in Sources */,
				D43955EB1CC8B1C300EF14AA /* DJPageView.m in Sources */,
				D4549F021D759C260007AA73 /* ZLCollectionCell.m in Sources */,
				D43955981CC8AF0500EF14AA /* DownloadTask.m in Sources */,
				D418ED4B1D0E5EFF00FC255B /* NSObject+MJCoding.m in Sources */,
				D418ED4A1D0E5EFF00FC255B /* NSObject+MJClass.m in Sources */,
				D4549F011D759C260007AA73 /* ZLBigImageCell.m in Sources */,
				D43955EF1CC8B6D600EF14AA /* HXTagsView.m in Sources */,
				D43955661CC8AEB200EF14AA /* FYPhotoBrowser.m in Sources */,
				D460E4771CC874F7008AA90C /* AppDelegate.m in Sources */,
				D43955971CC8AF0500EF14AA /* AFDownloadRequestOperation.m in Sources */,
				D418ED531D0E948F00FC255B /* ZWTabBarItem.m in Sources */,
				D4549F041D759C260007AA73 /* ZLPhotoActionSheet.m in Sources */,
				D418ED461D0E5EFF00FC255B /* MJFoundation.m in Sources */,
				D460E4741CC874F7008AA90C /* main.m in Sources */,
				D439555D1CC8AEB200EF14AA /* DLRadioButton.m in Sources */,
				D43954EC1CC89B5F00EF14AA /* Functions.m in Sources */,
				D43955681CC8AEB200EF14AA /* JYLegendView.m in Sources */,
				D4F014D31D790B6400740633 /* CustomChildTableViewController.m in Sources */,
				D418ED4D1D0E5EFF00FC255B /* NSObject+MJProperty.m in Sources */,
				D43955991CC8AF0500EF14AA /* Networking.m in Sources */,
				D418ED471D0E5EFF00FC255B /* MJProperty.m in Sources */,
				D45C6F391D76AD92007987DC /* AssistViewController.m in Sources */,
				D418ED001D0E5ED900FC255B /* ZWSegmentedControl.m in Sources */,
				D43955641CC8AEB200EF14AA /* EAIntroView.m in Sources */,
				D418ED451D0E5EFF00FC255B /* MJExtensionConst.m in Sources */,
				D43955871CC8AEB200EF14AA /* UAProgressView.m in Sources */,
				D4549F081D759C260007AA73 /* ZLProgressHUD.m in Sources */,
				D4549F0A1D759C260007AA73 /* ZLShowBigImgViewController.m in Sources */,
				D4549F0B1D759C260007AA73 /* ZLThumbnailViewController.m in Sources */,
				D45C6F3F1D76AE95007987DC /* PhotoLibViewController.m in Sources */,
				D45C6F3C1D76AE7B007987DC /* CategoryViewController.m in Sources */,
				D418ECFF1D0E5ED900FC255B /* XYYSegmentControl.m in Sources */,
				D418ECF91D0E5ED100FC255B /* PlaceholderTextView.m in Sources */,
				D4549F001D759C260007AA73 /* ToastUtils.m in Sources */,
			);
			runOnlyForDeploymentPostprocessing = 0;
		};
		D460E4841CC874F7008AA90C /* Sources */ = {
			isa = PBXSourcesBuildPhase;
			buildActionMask = 2147483647;
			files = (
				D460E48D1CC874F7008AA90C /* ZWNetUtilsDemoTests.m in Sources */,
			);
			runOnlyForDeploymentPostprocessing = 0;
		};
		D460E48F1CC874F7008AA90C /* Sources */ = {
			isa = PBXSourcesBuildPhase;
			buildActionMask = 2147483647;
			files = (
				D460E4981CC874F7008AA90C /* ZWNetUtilsDemoUITests.m in Sources */,
			);
			runOnlyForDeploymentPostprocessing = 0;
		};
/* End PBXSourcesBuildPhase section */

/* Begin PBXTargetDependency section */
		D460E48A1CC874F7008AA90C /* PBXTargetDependency */ = {
			isa = PBXTargetDependency;
			target = D460E46E1CC874F7008AA90C /* ZWNetUtilsDemo */;
			targetProxy = D460E4891CC874F7008AA90C /* PBXContainerItemProxy */;
		};
		D460E4951CC874F7008AA90C /* PBXTargetDependency */ = {
			isa = PBXTargetDependency;
			target = D460E46E1CC874F7008AA90C /* ZWNetUtilsDemo */;
			targetProxy = D460E4941CC874F7008AA90C /* PBXContainerItemProxy */;
		};
/* End PBXTargetDependency section */

/* Begin PBXVariantGroup section */
		D460E47B1CC874F7008AA90C /* Main.storyboard */ = {
			isa = PBXVariantGroup;
			children = (
				D460E47C1CC874F7008AA90C /* Base */,
			);
			name = Main.storyboard;
			sourceTree = "<group>";
		};
		D460E4801CC874F7008AA90C /* LaunchScreen.storyboard */ = {
			isa = PBXVariantGroup;
			children = (
				D460E4811CC874F7008AA90C /* Base */,
			);
			name = LaunchScreen.storyboard;
			sourceTree = "<group>";
		};
/* End PBXVariantGroup section */

/* Begin XCBuildConfiguration section */
		D460E49A1CC874F7008AA90C /* Debug */ = {
			isa = XCBuildConfiguration;
			buildSettings = {
				ALWAYS_SEARCH_USER_PATHS = NO;
				CLANG_CXX_LANGUAGE_STANDARD = "gnu++0x";
				CLANG_CXX_LIBRARY = "libc++";
				CLANG_ENABLE_MODULES = YES;
				CLANG_ENABLE_OBJC_ARC = YES;
				CLANG_WARN_BOOL_CONVERSION = YES;
				CLANG_WARN_CONSTANT_CONVERSION = YES;
				CLANG_WARN_DIRECT_OBJC_ISA_USAGE = YES_ERROR;
				CLANG_WARN_EMPTY_BODY = YES;
				CLANG_WARN_ENUM_CONVERSION = YES;
				CLANG_WARN_INT_CONVERSION = YES;
				CLANG_WARN_OBJC_ROOT_CLASS = YES_ERROR;
				CLANG_WARN_UNREACHABLE_CODE = YES;
				CLANG_WARN__DUPLICATE_METHOD_MATCH = YES;
				"CODE_SIGN_IDENTITY[sdk=iphoneos*]" = "iPhone Developer";
				COPY_PHASE_STRIP = NO;
				DEBUG_INFORMATION_FORMAT = dwarf;
				ENABLE_STRICT_OBJC_MSGSEND = YES;
				ENABLE_TESTABILITY = YES;
				GCC_C_LANGUAGE_STANDARD = gnu99;
				GCC_DYNAMIC_NO_PIC = NO;
				GCC_NO_COMMON_BLOCKS = YES;
				GCC_OPTIMIZATION_LEVEL = 0;
				GCC_PREPROCESSOR_DEFINITIONS = (
					"DEBUG=1",
					"$(inherited)",
				);
				GCC_WARN_64_TO_32_BIT_CONVERSION = YES;
				GCC_WARN_ABOUT_RETURN_TYPE = YES_ERROR;
				GCC_WARN_UNDECLARED_SELECTOR = YES;
				GCC_WARN_UNINITIALIZED_AUTOS = YES_AGGRESSIVE;
				GCC_WARN_UNUSED_FUNCTION = YES;
				GCC_WARN_UNUSED_VARIABLE = YES;
				IPHONEOS_DEPLOYMENT_TARGET = 9.2;
				MTL_ENABLE_DEBUG_INFO = YES;
				ONLY_ACTIVE_ARCH = YES;
				SDKROOT = iphoneos;
			};
			name = Debug;
		};
		D460E49B1CC874F7008AA90C /* Release */ = {
			isa = XCBuildConfiguration;
			buildSettings = {
				ALWAYS_SEARCH_USER_PATHS = NO;
				CLANG_CXX_LANGUAGE_STANDARD = "gnu++0x";
				CLANG_CXX_LIBRARY = "libc++";
				CLANG_ENABLE_MODULES = YES;
				CLANG_ENABLE_OBJC_ARC = YES;
				CLANG_WARN_BOOL_CONVERSION = YES;
				CLANG_WARN_CONSTANT_CONVERSION = YES;
				CLANG_WARN_DIRECT_OBJC_ISA_USAGE = YES_ERROR;
				CLANG_WARN_EMPTY_BODY = YES;
				CLANG_WARN_ENUM_CONVERSION = YES;
				CLANG_WARN_INT_CONVERSION = YES;
				CLANG_WARN_OBJC_ROOT_CLASS = YES_ERROR;
				CLANG_WARN_UNREACHABLE_CODE = YES;
				CLANG_WARN__DUPLICATE_METHOD_MATCH = YES;
				"CODE_SIGN_IDENTITY[sdk=iphoneos*]" = "iPhone Developer";
				COPY_PHASE_STRIP = NO;
				DEBUG_INFORMATION_FORMAT = "dwarf-with-dsym";
				ENABLE_NS_ASSERTIONS = NO;
				ENABLE_STRICT_OBJC_MSGSEND = YES;
				GCC_C_LANGUAGE_STANDARD = gnu99;
				GCC_NO_COMMON_BLOCKS = YES;
				GCC_WARN_64_TO_32_BIT_CONVERSION = YES;
				GCC_WARN_ABOUT_RETURN_TYPE = YES_ERROR;
				GCC_WARN_UNDECLARED_SELECTOR = YES;
				GCC_WARN_UNINITIALIZED_AUTOS = YES_AGGRESSIVE;
				GCC_WARN_UNUSED_FUNCTION = YES;
				GCC_WARN_UNUSED_VARIABLE = YES;
				IPHONEOS_DEPLOYMENT_TARGET = 9.2;
				MTL_ENABLE_DEBUG_INFO = NO;
				SDKROOT = iphoneos;
				VALIDATE_PRODUCT = YES;
			};
			name = Release;
		};
		D460E49D1CC874F7008AA90C /* Debug */ = {
			isa = XCBuildConfiguration;
			baseConfigurationReference = 052AF003B0E60825AD23E64C /* Pods-ZWNetUtilsDemo.debug.xcconfig */;
			buildSettings = {
				ASSETCATALOG_COMPILER_APPICON_NAME = AppIcon;
				INFOPLIST_FILE = ZWNetUtilsDemo/Info.plist;
				IPHONEOS_DEPLOYMENT_TARGET = 8.0;
				LD_RUNPATH_SEARCH_PATHS = "$(inherited) @executable_path/Frameworks";
				OTHER_LDFLAGS = (
					"$(inherited)",
					"-ObjC",
					"-l\"AFNetworking\"",
					"-l\"IQKeyboardManager\"",
					"-l\"MBProgressHUD\"",
					"-l\"MJRefresh\"",
					"-l\"SDWebImage\"",
					"-l\"WYPopoverController\"",
					"-l\"z\"",
					"-framework",
					"\"CFNetwork\"",
					"-framework",
					"\"CoreFoundation\"",
					"-framework",
					"\"CoreGraphics\"",
					"-framework",
					"\"CoreTelephony\"",
					"-framework",
					"\"Foundation\"",
					"-framework",
					"\"ImageIO\"",
					"-framework",
					"\"MobileCoreServices\"",
					"-framework",
					"\"Photos\"",
					"-framework",
					"\"QuartzCore\"",
					"-framework",
					"\"Security\"",
					"-framework",
					"\"SystemConfiguration\"",
					"-framework",
					"\"UIKit\"",
				);
				PRODUCT_BUNDLE_IDENTIFIER = com.testWanney.ZWNetUtilsDemo;
				PRODUCT_NAME = "$(TARGET_NAME)";
			};
			name = Debug;
		};
		D460E49E1CC874F7008AA90C /* Release */ = {
			isa = XCBuildConfiguration;
			baseConfigurationReference = 87573660C21E19D9F72F318C /* Pods-ZWNetUtilsDemo.release.xcconfig */;
			buildSettings = {
				ASSETCATALOG_COMPILER_APPICON_NAME = AppIcon;
				INFOPLIST_FILE = ZWNetUtilsDemo/Info.plist;
				IPHONEOS_DEPLOYMENT_TARGET = 8.0;
				LD_RUNPATH_SEARCH_PATHS = "$(inherited) @executable_path/Frameworks";
				OTHER_LDFLAGS = (
					"$(inherited)",
					"-ObjC",
					"-l\"AFNetworking\"",
					"-l\"IQKeyboardManager\"",
					"-l\"MBProgressHUD\"",
					"-l\"MJRefresh\"",
					"-l\"SDWebImage\"",
					"-l\"WYPopoverController\"",
					"-l\"z\"",
					"-framework",
					"\"CFNetwork\"",
					"-framework",
					"\"CoreFoundation\"",
					"-framework",
					"\"CoreGraphics\"",
					"-framework",
					"\"CoreTelephony\"",
					"-framework",
					"\"Foundation\"",
					"-framework",
					"\"ImageIO\"",
					"-framework",
					"\"MobileCoreServices\"",
					"-framework",
					"\"Photos\"",
					"-framework",
					"\"QuartzCore\"",
					"-framework",
					"\"Security\"",
					"-framework",
					"\"SystemConfiguration\"",
					"-framework",
					"\"UIKit\"",
				);
				PRODUCT_BUNDLE_IDENTIFIER = com.testWanney.ZWNetUtilsDemo;
				PRODUCT_NAME = "$(TARGET_NAME)";
			};
			name = Release;
		};
		D460E4A01CC874F7008AA90C /* Debug */ = {
			isa = XCBuildConfiguration;
			buildSettings = {
				BUNDLE_LOADER = "$(TEST_HOST)";
				INFOPLIST_FILE = ZWNetUtilsDemoTests/Info.plist;
				LD_RUNPATH_SEARCH_PATHS = "$(inherited) @executable_path/Frameworks @loader_path/Frameworks";
				PRODUCT_BUNDLE_IDENTIFIER = com.testWanney.ZWNetUtilsDemoTests;
				PRODUCT_NAME = "$(TARGET_NAME)";
				TEST_HOST = "$(BUILT_PRODUCTS_DIR)/ZWNetUtilsDemo.app/ZWNetUtilsDemo";
			};
			name = Debug;
		};
		D460E4A11CC874F7008AA90C /* Release */ = {
			isa = XCBuildConfiguration;
			buildSettings = {
				BUNDLE_LOADER = "$(TEST_HOST)";
				INFOPLIST_FILE = ZWNetUtilsDemoTests/Info.plist;
				LD_RUNPATH_SEARCH_PATHS = "$(inherited) @executable_path/Frameworks @loader_path/Frameworks";
				PRODUCT_BUNDLE_IDENTIFIER = com.testWanney.ZWNetUtilsDemoTests;
				PRODUCT_NAME = "$(TARGET_NAME)";
				TEST_HOST = "$(BUILT_PRODUCTS_DIR)/ZWNetUtilsDemo.app/ZWNetUtilsDemo";
			};
			name = Release;
		};
		D460E4A31CC874F7008AA90C /* Debug */ = {
			isa = XCBuildConfiguration;
			buildSettings = {
				INFOPLIST_FILE = ZWNetUtilsDemoUITests/Info.plist;
				LD_RUNPATH_SEARCH_PATHS = "$(inherited) @executable_path/Frameworks @loader_path/Frameworks";
				PRODUCT_BUNDLE_IDENTIFIER = com.testWanney.ZWNetUtilsDemoUITests;
				PRODUCT_NAME = "$(TARGET_NAME)";
				TEST_TARGET_NAME = ZWNetUtilsDemo;
				USES_XCTRUNNER = YES;
			};
			name = Debug;
		};
		D460E4A41CC874F7008AA90C /* Release */ = {
			isa = XCBuildConfiguration;
			buildSettings = {
				INFOPLIST_FILE = ZWNetUtilsDemoUITests/Info.plist;
				LD_RUNPATH_SEARCH_PATHS = "$(inherited) @executable_path/Frameworks @loader_path/Frameworks";
				PRODUCT_BUNDLE_IDENTIFIER = com.testWanney.ZWNetUtilsDemoUITests;
				PRODUCT_NAME = "$(TARGET_NAME)";
				TEST_TARGET_NAME = ZWNetUtilsDemo;
				USES_XCTRUNNER = YES;
			};
			name = Release;
		};
/* End XCBuildConfiguration section */

/* Begin XCConfigurationList section */
		D460E46A1CC874F7008AA90C /* Build configuration list for PBXProject "ZWNetUtilsDemo" */ = {
			isa = XCConfigurationList;
			buildConfigurations = (
				D460E49A1CC874F7008AA90C /* Debug */,
				D460E49B1CC874F7008AA90C /* Release */,
			);
			defaultConfigurationIsVisible = 0;
			defaultConfigurationName = Release;
		};
		D460E49C1CC874F7008AA90C /* Build configuration list for PBXNativeTarget "ZWNetUtilsDemo" */ = {
			isa = XCConfigurationList;
			buildConfigurations = (
				D460E49D1CC874F7008AA90C /* Debug */,
				D460E49E1CC874F7008AA90C /* Release */,
			);
			defaultConfigurationIsVisible = 0;
			defaultConfigurationName = Release;
		};
		D460E49F1CC874F7008AA90C /* Build configuration list for PBXNativeTarget "ZWNetUtilsDemoTests" */ = {
			isa = XCConfigurationList;
			buildConfigurations = (
				D460E4A01CC874F7008AA90C /* Debug */,
				D460E4A11CC874F7008AA90C /* Release */,
			);
			defaultConfigurationIsVisible = 0;
			defaultConfigurationName = Release;
		};
		D460E4A21CC874F7008AA90C /* Build configuration list for PBXNativeTarget "ZWNetUtilsDemoUITests" */ = {
			isa = XCConfigurationList;
			buildConfigurations = (
				D460E4A31CC874F7008AA90C /* Debug */,
				D460E4A41CC874F7008AA90C /* Release */,
			);
			defaultConfigurationIsVisible = 0;
			defaultConfigurationName = Release;
		};
/* End XCConfigurationList section */
	};
	rootObject = D460E4671CC874F7008AA90C /* Project object */;
}
